// !$*UTF8*$!
{
	archiveVersion = 1;
	classes = {
	};
	objectVersion = 70;
	objects = {

/* Begin PBXBuildFile section */
		6F22AE3C2C0EDCC000DBC339 /* GeneVectorEditorApp.swift in Sources */ = {isa = PBXBuildFile; fileRef = 6F22AE3B2C0EDCC000DBC339 /* GeneVectorEditorApp.swift */; };
		6F22AE402C0EDCC000DBC339 /* Item.swift in Sources */ = {isa = PBXBuildFile; fileRef = 6F22AE3F2C0EDCC000DBC339 /* Item.swift */; };
		6F22AE422C0EDCC200DBC339 /* Assets.xcassets in Resources */ = {isa = PBXBuildFile; fileRef = 6F22AE412C0EDCC200DBC339 /* Assets.xcassets */; };
		6F22AE452C0EDCC200DBC339 /* Preview Assets.xcassets in Resources */ = {isa = PBXBuildFile; fileRef = 6F22AE442C0EDCC200DBC339 /* Preview Assets.xcassets */; };
		6F22AE4F2C0EDCC200DBC339 /* GeneVectorEditorTests.swift in Sources */ = {isa = PBXBuildFile; fileRef = 6F22AE4E2C0EDCC200DBC339 /* GeneVectorEditorTests.swift */; };
		6F22AE592C0EDCC200DBC339 /* GeneVectorEditorUITests.swift in Sources */ = {isa = PBXBuildFile; fileRef = 6F22AE582C0EDCC200DBC339 /* GeneVectorEditorUITests.swift */; };
		6F22AE5B2C0EDCC200DBC339 /* GeneVectorEditorUITestsLaunchTests.swift in Sources */ = {isa = PBXBuildFile; fileRef = 6F22AE5A2C0EDCC200DBC339 /* GeneVectorEditorUITestsLaunchTests.swift */; };
		6F22AE682C0F4AC700DBC339 /* CircularView.swift in Sources */ = {isa = PBXBuildFile; fileRef = 6F22AE672C0F4AC700DBC339 /* CircularView.swift */; };
		6F6F69E82D26CB6B0087BA28 /* Gene.swift in Sources */ = {isa = PBXBuildFile; fileRef = 6F6F69E72D26CB690087BA28 /* Gene.swift */; };
		6F6F69EA2D26CB720087BA28 /* GeneFeature.swift in Sources */ = {isa = PBXBuildFile; fileRef = 6F6F69E92D26CB6F0087BA28 /* GeneFeature.swift */; };
		6F6F69EC2D26CB790087BA28 /* GenePrimer.swift in Sources */ = {isa = PBXBuildFile; fileRef = 6F6F69EB2D26CB760087BA28 /* GenePrimer.swift */; };
		6F6F69EE2D26CB800087BA28 /* GeneTranslation.swift in Sources */ = {isa = PBXBuildFile; fileRef = 6F6F69ED2D26CB7C0087BA28 /* GeneTranslation.swift */; };
		6F6F69F02D26CB860087BA28 /* ExtraLine.swift in Sources */ = {isa = PBXBuildFile; fileRef = 6F6F69EF2D26CB830087BA28 /* ExtraLine.swift */; };
		6F6F69F32D26CB990087BA28 /* ContentView.swift in Sources */ = {isa = PBXBuildFile; fileRef = 6F6F69F22D26CB960087BA28 /* ContentView.swift */; };
		6F6F69F52D26CBA20087BA28 /* GeneCellView.swift in Sources */ = {isa = PBXBuildFile; fileRef = 6F6F69F42D26CB9E0087BA28 /* GeneCellView.swift */; };
		6F6F6A002D26CBDF0087BA28 /* GeneViewModel.swift in Sources */ = {isa = PBXBuildFile; fileRef = 6F6F69FF2D26CBDB0087BA28 /* GeneViewModel.swift */; };
		6F6F6A022D26CBE80087BA28 /* GeneService.swift in Sources */ = {isa = PBXBuildFile; fileRef = 6F6F6A012D26CBE40087BA28 /* GeneService.swift */; };
		6F6F6A092D26CCBD0087BA28 /* Extensions.swift in Sources */ = {isa = PBXBuildFile; fileRef = 6F6F6A082D26CCB80087BA28 /* Extensions.swift */; };
		6F6F6A112D26D6860087BA28 /* Notes.swift in Sources */ = {isa = PBXBuildFile; fileRef = 6F6F6A102D26D6840087BA28 /* Notes.swift */; };
		6F6F6A232D26E5E30087BA28 /* ManageEnzymesView.swift in Sources */ = {isa = PBXBuildFile; fileRef = 6F6F6A222D26E5E30087BA28 /* ManageEnzymesView.swift */; };
		6F6F6A252D26E6540087BA28 /* FeaturesView.swift in Sources */ = {isa = PBXBuildFile; fileRef = 6F6F6A242D26E6540087BA28 /* FeaturesView.swift */; };
		6F6F6A292D26E74A0087BA28 /* GeneralView.swift in Sources */ = {isa = PBXBuildFile; fileRef = 6F6F6A282D26E74A0087BA28 /* GeneralView.swift */; };
		6F6F6A2D2D26E9820087BA28 /* GeneData.swift in Sources */ = {isa = PBXBuildFile; fileRef = 6F6F6A2C2D26E9820087BA28 /* GeneData.swift */; };
		6F6F6A312D26EB900087BA28 /* FileDetailPage 3.swift in Sources */ = {isa = PBXBuildFile; fileRef = 6F6F6A302D26EB900087BA28 /* FileDetailPage 3.swift */; };
		6F6F6A332D26EE240087BA28 /* PartsView 2.swift in Sources */ = {isa = PBXBuildFile; fileRef = 6F6F6A322D26EE240087BA28 /* PartsView 2.swift */; };
		6F6F6A352D26EE6C0087BA28 /* GenePart.swift in Sources */ = {isa = PBXBuildFile; fileRef = 6F6F6A342D26EE6A0087BA28 /* GenePart.swift */; };
		6F6F6A382D26F00A0087BA28 /* PrimersView.swift in Sources */ = {isa = PBXBuildFile; fileRef = 6F6F6A372D26F00A0087BA28 /* PrimersView.swift */; };
		6F6F6A3A2D26F0E10087BA28 /* TranslationsView.swift in Sources */ = {isa = PBXBuildFile; fileRef = 6F6F6A392D26F0E10087BA28 /* TranslationsView.swift */; };
		6F6F6A3C2D26F1520087BA28 /* CutSitesView.swift in Sources */ = {isa = PBXBuildFile; fileRef = 6F6F6A3B2D26F1520087BA28 /* CutSitesView.swift */; };
		6F6F6A3E2D26F1680087BA28 /* CutSite.swift in Sources */ = {isa = PBXBuildFile; fileRef = 6F6F6A3D2D26F1680087BA28 /* CutSite.swift */; };
		6F6F6A402D26F1B40087BA28 /* ORFsView.swift in Sources */ = {isa = PBXBuildFile; fileRef = 6F6F6A3F2D26F1B40087BA28 /* ORFsView.swift */; };
		6F6F6A422D26F1C00087BA28 /* ORFs.swift in Sources */ = {isa = PBXBuildFile; fileRef = 6F6F6A412D26F1C00087BA28 /* ORFs.swift */; };
		6F6F6A442D26F1F30087BA28 /* GenbankView.swift in Sources */ = {isa = PBXBuildFile; fileRef = 6F6F6A432D26F1F30087BA28 /* GenbankView.swift */; };
		6F6F6A462D26F1FE0087BA28 /* Genbank.swift in Sources */ = {isa = PBXBuildFile; fileRef = 6F6F6A452D26F1FE0087BA28 /* Genbank.swift */; };
		6F6F6A482D26F5E80087BA28 /* FeaturesView 2.swift in Sources */ = {isa = PBXBuildFile; fileRef = 6F6F6A472D26F5E80087BA28 /* FeaturesView 2.swift */; };
		6F6F6A512D27B1510087BA28 /* GeneDirService.swift in Sources */ = {isa = PBXBuildFile; fileRef = 6F6F6A502D27B1510087BA28 /* GeneDirService.swift */; };
		6F6F6AA72D27BE9A0087BA28 /* genes111.json in Resources */ = {isa = PBXBuildFile; fileRef = 6F6F6AA22D27BE9A0087BA28 /* genes111.json */; };
		6F6F6AB12D27C0E10087BA28 /* LocalDirectory.swift in Sources */ = {isa = PBXBuildFile; fileRef = 6F6F6AB02D27C0E00087BA28 /* LocalDirectory.swift */; };
		6F6F6AB32D27C1A90087BA28 /* SanboxDirectory.swift in Sources */ = {isa = PBXBuildFile; fileRef = 6F6F6AB22D27C1A20087BA28 /* SanboxDirectory.swift */; };
		6F6F6AB52D27DFC10087BA28 /* MainDashboardView.swift in Sources */ = {isa = PBXBuildFile; fileRef = 6F6F6AB42D27DFC10087BA28 /* MainDashboardView.swift */; };
		6F6F6AB72D27E1D70087BA28 /* SidebarView.swift in Sources */ = {isa = PBXBuildFile; fileRef = 6F6F6AB62D27E1D70087BA28 /* SidebarView.swift */; };
		6F6F6ABE2D280D520087BA28 /* DashboardContentView.swift in Sources */ = {isa = PBXBuildFile; fileRef = 6F6F6ABD2D280D520087BA28 /* DashboardContentView.swift */; };
		6F6F6AC42D2828220087BA28 /* NotificationsView.swift in Sources */ = {isa = PBXBuildFile; fileRef = 6F6F6AC32D2828220087BA28 /* NotificationsView.swift */; };
		6F6F6AC62D2828990087BA28 /* SettingsView.swift in Sources */ = {isa = PBXBuildFile; fileRef = 6F6F6AC52D2828990087BA28 /* SettingsView.swift */; };
		6F6F6AC82D2828C90087BA28 /* HelpView.swift in Sources */ = {isa = PBXBuildFile; fileRef = 6F6F6AC72D2828C90087BA28 /* HelpView.swift */; };
		6F6F6ACA2D282A750087BA28 /* FileManager.swift in Sources */ = {isa = PBXBuildFile; fileRef = 6F6F6AC92D282A6F0087BA28 /* FileManager.swift */; };
		6F6F6ACC2D2834C60087BA28 /* UserDetailView.swift in Sources */ = {isa = PBXBuildFile; fileRef = 6F6F6ACB2D2834C60087BA28 /* UserDetailView.swift */; };
		6F6F6ACE2D2835D10087BA28 /* UserDetailModalView.swift in Sources */ = {isa = PBXBuildFile; fileRef = 6F6F6ACD2D2835D10087BA28 /* UserDetailModalView.swift */; };
		6F6F6AD02D2836060087BA28 /* UserPanelView.swift in Sources */ = {isa = PBXBuildFile; fileRef = 6F6F6ACF2D2836060087BA28 /* UserPanelView.swift */; };
		6F6F6AD22D29174A0087BA28 /* GeneSequenceView.swift in Sources */ = {isa = PBXBuildFile; fileRef = 6F6F6AD12D29174A0087BA28 /* GeneSequenceView.swift */; };
		6F6F6AD82D291C2F0087BA28 /* Functions.swift in Sources */ = {isa = PBXBuildFile; fileRef = 6F6F6AD72D291C2C0087BA28 /* Functions.swift */; };
		6F6F6AE72D2973310087BA28 /* GeneFileManager.swift in Sources */ = {isa = PBXBuildFile; fileRef = 6F6F6AE62D2973310087BA28 /* GeneFileManager.swift */; };
		6F6F6AE92D2973490087BA28 /* FeileManagerTests.swift in Sources */ = {isa = PBXBuildFile; fileRef = 6F6F6AE82D2973410087BA28 /* FeileManagerTests.swift */; };
		6F6F6AF02D2977970087BA28 /* GeneSequenceListView.swift in Sources */ = {isa = PBXBuildFile; fileRef = 6F6F6AEF2D2977970087BA28 /* GeneSequenceListView.swift */; };
		6F6F6AF22D2977CF0087BA28 /* GeneFileRow.swift in Sources */ = {isa = PBXBuildFile; fileRef = 6F6F6AF12D2977CF0087BA28 /* GeneFileRow.swift */; };
		6F6F6AF42D2978700087BA28 /* StackmapView.swift in Sources */ = {isa = PBXBuildFile; fileRef = 6F6F6AF32D2978700087BA28 /* StackmapView.swift */; };
		6F6F6AF62D29787D0087BA28 /* CapabilitiesView.swift in Sources */ = {isa = PBXBuildFile; fileRef = 6F6F6AF52D29787D0087BA28 /* CapabilitiesView.swift */; };
		6F6F6AF82D2978880087BA28 /* TechnologiesView.swift in Sources */ = {isa = PBXBuildFile; fileRef = 6F6F6AF72D2978880087BA28 /* TechnologiesView.swift */; };
		6F6F6AFA2D2978950087BA28 /* RoadmapView.swift in Sources */ = {isa = PBXBuildFile; fileRef = 6F6F6AF92D2978950087BA28 /* RoadmapView.swift */; };
		6F6F6AFC2D2978A30087BA28 /* SidebarMenu.swift in Sources */ = {isa = PBXBuildFile; fileRef = 6F6F6AFB2D2978A30087BA28 /* SidebarMenu.swift */; };
		6F6F6AFE2D29790A0087BA28 /* GeneFile.swift in Sources */ = {isa = PBXBuildFile; fileRef = 6F6F6AFD2D29790A0087BA28 /* GeneFile.swift */; };
		6F6F6B002D2979480087BA28 /* GeneListView.swift in Sources */ = {isa = PBXBuildFile; fileRef = 6F6F6AFF2D2979480087BA28 /* GeneListView.swift */; };
		6F72D36D2C104815008F86CD /* IconCardView.swift in Sources */ = {isa = PBXBuildFile; fileRef = 6F72D36C2C104815008F86CD /* IconCardView.swift */; };
		6F72D36F2C10483D008F86CD /* IconCardViewTest.swift in Sources */ = {isa = PBXBuildFile; fileRef = 6F72D36E2C10483D008F86CD /* IconCardViewTest.swift */; };
/* End PBXBuildFile section */

/* Begin PBXContainerItemProxy section */
		6F22AE4B2C0EDCC200DBC339 /* PBXContainerItemProxy */ = {
			isa = PBXContainerItemProxy;
			containerPortal = 6F22AE302C0EDCC000DBC339 /* Project object */;
			proxyType = 1;
			remoteGlobalIDString = 6F22AE372C0EDCC000DBC339;
			remoteInfo = GeneVectorEditor;
		};
		6F22AE552C0EDCC200DBC339 /* PBXContainerItemProxy */ = {
			isa = PBXContainerItemProxy;
			containerPortal = 6F22AE302C0EDCC000DBC339 /* Project object */;
			proxyType = 1;
			remoteGlobalIDString = 6F22AE372C0EDCC000DBC339;
			remoteInfo = GeneVectorEditor;
		};
/* End PBXContainerItemProxy section */

/* Begin PBXFileReference section */
		6F22AE382C0EDCC000DBC339 /* GeneVectorEditor.app */ = {isa = PBXFileReference; explicitFileType = wrapper.application; includeInIndex = 0; path = GeneVectorEditor.app; sourceTree = BUILT_PRODUCTS_DIR; };
		6F22AE3B2C0EDCC000DBC339 /* GeneVectorEditorApp.swift */ = {isa = PBXFileReference; lastKnownFileType = sourcecode.swift; path = GeneVectorEditorApp.swift; sourceTree = "<group>"; };
		6F22AE3F2C0EDCC000DBC339 /* Item.swift */ = {isa = PBXFileReference; lastKnownFileType = sourcecode.swift; path = Item.swift; sourceTree = "<group>"; };
		6F22AE412C0EDCC200DBC339 /* Assets.xcassets */ = {isa = PBXFileReference; lastKnownFileType = folder.assetcatalog; path = Assets.xcassets; sourceTree = "<group>"; };
		6F22AE442C0EDCC200DBC339 /* Preview Assets.xcassets */ = {isa = PBXFileReference; lastKnownFileType = folder.assetcatalog; path = "Preview Assets.xcassets"; sourceTree = "<group>"; };
		6F22AE4A2C0EDCC200DBC339 /* GeneVectorEditorTests.xctest */ = {isa = PBXFileReference; explicitFileType = wrapper.cfbundle; includeInIndex = 0; path = GeneVectorEditorTests.xctest; sourceTree = BUILT_PRODUCTS_DIR; };
		6F22AE4E2C0EDCC200DBC339 /* GeneVectorEditorTests.swift */ = {isa = PBXFileReference; lastKnownFileType = sourcecode.swift; path = GeneVectorEditorTests.swift; sourceTree = "<group>"; };
		6F22AE542C0EDCC200DBC339 /* GeneVectorEditorUITests.xctest */ = {isa = PBXFileReference; explicitFileType = wrapper.cfbundle; includeInIndex = 0; path = GeneVectorEditorUITests.xctest; sourceTree = BUILT_PRODUCTS_DIR; };
		6F22AE582C0EDCC200DBC339 /* GeneVectorEditorUITests.swift */ = {isa = PBXFileReference; lastKnownFileType = sourcecode.swift; path = GeneVectorEditorUITests.swift; sourceTree = "<group>"; };
		6F22AE5A2C0EDCC200DBC339 /* GeneVectorEditorUITestsLaunchTests.swift */ = {isa = PBXFileReference; lastKnownFileType = sourcecode.swift; path = GeneVectorEditorUITestsLaunchTests.swift; sourceTree = "<group>"; };
		6F22AE672C0F4AC700DBC339 /* CircularView.swift */ = {isa = PBXFileReference; lastKnownFileType = sourcecode.swift; path = CircularView.swift; sourceTree = "<group>"; };
		6F6F69E72D26CB690087BA28 /* Gene.swift */ = {isa = PBXFileReference; lastKnownFileType = sourcecode.swift; path = Gene.swift; sourceTree = "<group>"; };
		6F6F69E92D26CB6F0087BA28 /* GeneFeature.swift */ = {isa = PBXFileReference; lastKnownFileType = sourcecode.swift; path = GeneFeature.swift; sourceTree = "<group>"; };
		6F6F69EB2D26CB760087BA28 /* GenePrimer.swift */ = {isa = PBXFileReference; lastKnownFileType = sourcecode.swift; path = GenePrimer.swift; sourceTree = "<group>"; };
		6F6F69ED2D26CB7C0087BA28 /* GeneTranslation.swift */ = {isa = PBXFileReference; lastKnownFileType = sourcecode.swift; path = GeneTranslation.swift; sourceTree = "<group>"; };
		6F6F69EF2D26CB830087BA28 /* ExtraLine.swift */ = {isa = PBXFileReference; lastKnownFileType = sourcecode.swift; path = ExtraLine.swift; sourceTree = "<group>"; };
		6F6F69F22D26CB960087BA28 /* ContentView.swift */ = {isa = PBXFileReference; lastKnownFileType = sourcecode.swift; path = ContentView.swift; sourceTree = "<group>"; };
		6F6F69F42D26CB9E0087BA28 /* GeneCellView.swift */ = {isa = PBXFileReference; lastKnownFileType = sourcecode.swift; path = GeneCellView.swift; sourceTree = "<group>"; };
		6F6F69FF2D26CBDB0087BA28 /* GeneViewModel.swift */ = {isa = PBXFileReference; lastKnownFileType = sourcecode.swift; path = GeneViewModel.swift; sourceTree = "<group>"; };
		6F6F6A012D26CBE40087BA28 /* GeneService.swift */ = {isa = PBXFileReference; lastKnownFileType = sourcecode.swift; path = GeneService.swift; sourceTree = "<group>"; };
		6F6F6A082D26CCB80087BA28 /* Extensions.swift */ = {isa = PBXFileReference; lastKnownFileType = sourcecode.swift; path = Extensions.swift; sourceTree = "<group>"; };
		6F6F6A102D26D6840087BA28 /* Notes.swift */ = {isa = PBXFileReference; lastKnownFileType = sourcecode.swift; path = Notes.swift; sourceTree = "<group>"; };
		6F6F6A222D26E5E30087BA28 /* ManageEnzymesView.swift */ = {isa = PBXFileReference; lastKnownFileType = sourcecode.swift; path = ManageEnzymesView.swift; sourceTree = "<group>"; };
		6F6F6A242D26E6540087BA28 /* FeaturesView.swift */ = {isa = PBXFileReference; lastKnownFileType = sourcecode.swift; path = FeaturesView.swift; sourceTree = "<group>"; };
		6F6F6A282D26E74A0087BA28 /* GeneralView.swift */ = {isa = PBXFileReference; lastKnownFileType = sourcecode.swift; path = GeneralView.swift; sourceTree = "<group>"; };
		6F6F6A2C2D26E9820087BA28 /* GeneData.swift */ = {isa = PBXFileReference; lastKnownFileType = sourcecode.swift; path = GeneData.swift; sourceTree = "<group>"; };
		6F6F6A302D26EB900087BA28 /* FileDetailPage 3.swift */ = {isa = PBXFileReference; lastKnownFileType = sourcecode.swift; path = "FileDetailPage 3.swift"; sourceTree = "<group>"; };
		6F6F6A322D26EE240087BA28 /* PartsView 2.swift */ = {isa = PBXFileReference; lastKnownFileType = sourcecode.swift; path = "PartsView 2.swift"; sourceTree = "<group>"; };
		6F6F6A342D26EE6A0087BA28 /* GenePart.swift */ = {isa = PBXFileReference; lastKnownFileType = sourcecode.swift; path = GenePart.swift; sourceTree = "<group>"; };
		6F6F6A372D26F00A0087BA28 /* PrimersView.swift */ = {isa = PBXFileReference; lastKnownFileType = sourcecode.swift; path = PrimersView.swift; sourceTree = "<group>"; };
		6F6F6A392D26F0E10087BA28 /* TranslationsView.swift */ = {isa = PBXFileReference; lastKnownFileType = sourcecode.swift; path = TranslationsView.swift; sourceTree = "<group>"; };
		6F6F6A3B2D26F1520087BA28 /* CutSitesView.swift */ = {isa = PBXFileReference; lastKnownFileType = sourcecode.swift; path = CutSitesView.swift; sourceTree = "<group>"; };
		6F6F6A3D2D26F1680087BA28 /* CutSite.swift */ = {isa = PBXFileReference; lastKnownFileType = sourcecode.swift; path = CutSite.swift; sourceTree = "<group>"; };
		6F6F6A3F2D26F1B40087BA28 /* ORFsView.swift */ = {isa = PBXFileReference; lastKnownFileType = sourcecode.swift; path = ORFsView.swift; sourceTree = "<group>"; };
		6F6F6A412D26F1C00087BA28 /* ORFs.swift */ = {isa = PBXFileReference; lastKnownFileType = sourcecode.swift; path = ORFs.swift; sourceTree = "<group>"; };
		6F6F6A432D26F1F30087BA28 /* GenbankView.swift */ = {isa = PBXFileReference; lastKnownFileType = sourcecode.swift; path = GenbankView.swift; sourceTree = "<group>"; };
		6F6F6A452D26F1FE0087BA28 /* Genbank.swift */ = {isa = PBXFileReference; lastKnownFileType = sourcecode.swift; path = Genbank.swift; sourceTree = "<group>"; };
		6F6F6A472D26F5E80087BA28 /* FeaturesView 2.swift */ = {isa = PBXFileReference; lastKnownFileType = sourcecode.swift; path = "FeaturesView 2.swift"; sourceTree = "<group>"; };
		6F6F6A502D27B1510087BA28 /* GeneDirService.swift */ = {isa = PBXFileReference; lastKnownFileType = sourcecode.swift; path = GeneDirService.swift; sourceTree = "<group>"; };
		6F6F6AA22D27BE9A0087BA28 /* genes111.json */ = {isa = PBXFileReference; lastKnownFileType = text.json; path = genes111.json; sourceTree = "<group>"; };
		6F6F6AB02D27C0E00087BA28 /* LocalDirectory.swift */ = {isa = PBXFileReference; lastKnownFileType = sourcecode.swift; path = LocalDirectory.swift; sourceTree = "<group>"; };
		6F6F6AB22D27C1A20087BA28 /* SanboxDirectory.swift */ = {isa = PBXFileReference; lastKnownFileType = sourcecode.swift; path = SanboxDirectory.swift; sourceTree = "<group>"; };
		6F6F6AB42D27DFC10087BA28 /* MainDashboardView.swift */ = {isa = PBXFileReference; lastKnownFileType = sourcecode.swift; path = MainDashboardView.swift; sourceTree = "<group>"; };
		6F6F6AB62D27E1D70087BA28 /* SidebarView.swift */ = {isa = PBXFileReference; lastKnownFileType = sourcecode.swift; path = SidebarView.swift; sourceTree = "<group>"; };
		6F6F6ABD2D280D520087BA28 /* DashboardContentView.swift */ = {isa = PBXFileReference; lastKnownFileType = sourcecode.swift; path = DashboardContentView.swift; sourceTree = "<group>"; };
		6F6F6AC32D2828220087BA28 /* NotificationsView.swift */ = {isa = PBXFileReference; lastKnownFileType = sourcecode.swift; path = NotificationsView.swift; sourceTree = "<group>"; };
		6F6F6AC52D2828990087BA28 /* SettingsView.swift */ = {isa = PBXFileReference; lastKnownFileType = sourcecode.swift; path = SettingsView.swift; sourceTree = "<group>"; };
		6F6F6AC72D2828C90087BA28 /* HelpView.swift */ = {isa = PBXFileReference; lastKnownFileType = sourcecode.swift; path = HelpView.swift; sourceTree = "<group>"; };
		6F6F6AC92D282A6F0087BA28 /* FileManager.swift */ = {isa = PBXFileReference; lastKnownFileType = sourcecode.swift; path = FileManager.swift; sourceTree = "<group>"; };
		6F6F6ACB2D2834C60087BA28 /* UserDetailView.swift */ = {isa = PBXFileReference; lastKnownFileType = sourcecode.swift; path = UserDetailView.swift; sourceTree = "<group>"; };
		6F6F6ACD2D2835D10087BA28 /* UserDetailModalView.swift */ = {isa = PBXFileReference; lastKnownFileType = sourcecode.swift; path = UserDetailModalView.swift; sourceTree = "<group>"; };
		6F6F6ACF2D2836060087BA28 /* UserPanelView.swift */ = {isa = PBXFileReference; lastKnownFileType = sourcecode.swift; path = UserPanelView.swift; sourceTree = "<group>"; };
		6F6F6AD12D29174A0087BA28 /* GeneSequenceView.swift */ = {isa = PBXFileReference; lastKnownFileType = sourcecode.swift; path = GeneSequenceView.swift; sourceTree = "<group>"; };
		6F6F6AD62D291AF70087BA28 /* GeneVectorEditor.entitlements */ = {isa = PBXFileReference; lastKnownFileType = text.plist.entitlements; path = GeneVectorEditor.entitlements; sourceTree = "<group>"; };
		6F6F6AD72D291C2C0087BA28 /* Functions.swift */ = {isa = PBXFileReference; lastKnownFileType = sourcecode.swift; path = Functions.swift; sourceTree = "<group>"; };
		6F6F6AE62D2973310087BA28 /* GeneFileManager.swift */ = {isa = PBXFileReference; lastKnownFileType = sourcecode.swift; path = GeneFileManager.swift; sourceTree = "<group>"; };
		6F6F6AE82D2973410087BA28 /* FeileManagerTests.swift */ = {isa = PBXFileReference; lastKnownFileType = sourcecode.swift; path = FeileManagerTests.swift; sourceTree = "<group>"; };
		6F6F6AEF2D2977970087BA28 /* GeneSequenceListView.swift */ = {isa = PBXFileReference; lastKnownFileType = sourcecode.swift; path = GeneSequenceListView.swift; sourceTree = "<group>"; };
		6F6F6AF12D2977CF0087BA28 /* GeneFileRow.swift */ = {isa = PBXFileReference; lastKnownFileType = sourcecode.swift; path = GeneFileRow.swift; sourceTree = "<group>"; };
		6F6F6AF32D2978700087BA28 /* StackmapView.swift */ = {isa = PBXFileReference; lastKnownFileType = sourcecode.swift; path = StackmapView.swift; sourceTree = "<group>"; };
		6F6F6AF52D29787D0087BA28 /* CapabilitiesView.swift */ = {isa = PBXFileReference; lastKnownFileType = sourcecode.swift; path = CapabilitiesView.swift; sourceTree = "<group>"; };
		6F6F6AF72D2978880087BA28 /* TechnologiesView.swift */ = {isa = PBXFileReference; lastKnownFileType = sourcecode.swift; path = TechnologiesView.swift; sourceTree = "<group>"; };
		6F6F6AF92D2978950087BA28 /* RoadmapView.swift */ = {isa = PBXFileReference; lastKnownFileType = sourcecode.swift; path = RoadmapView.swift; sourceTree = "<group>"; };
		6F6F6AFB2D2978A30087BA28 /* SidebarMenu.swift */ = {isa = PBXFileReference; lastKnownFileType = sourcecode.swift; path = SidebarMenu.swift; sourceTree = "<group>"; };
		6F6F6AFD2D29790A0087BA28 /* GeneFile.swift */ = {isa = PBXFileReference; lastKnownFileType = sourcecode.swift; path = GeneFile.swift; sourceTree = "<group>"; };
		6F6F6AFF2D2979480087BA28 /* GeneListView.swift */ = {isa = PBXFileReference; lastKnownFileType = sourcecode.swift; path = GeneListView.swift; sourceTree = "<group>"; };
		6F6F6B032D2995490087BA28 /* AppKit.framework */ = {isa = PBXFileReference; lastKnownFileType = wrapper.framework; name = AppKit.framework; path = Platforms/MacOSX.platform/Developer/SDKs/MacOSX15.2.sdk/System/Library/Frameworks/AppKit.framework; sourceTree = DEVELOPER_DIR; };
		6F72D36C2C104815008F86CD /* IconCardView.swift */ = {isa = PBXFileReference; lastKnownFileType = sourcecode.swift; path = IconCardView.swift; sourceTree = "<group>"; };
		6F72D36E2C10483D008F86CD /* IconCardViewTest.swift */ = {isa = PBXFileReference; lastKnownFileType = sourcecode.swift; path = IconCardViewTest.swift; sourceTree = "<group>"; };
/* End PBXFileReference section */

/* Begin PBXFileSystemSynchronizedBuildFileExceptionSet section */
		6F6F6AEE2D29769C0087BA28 /* PBXFileSystemSynchronizedBuildFileExceptionSet */ = {
			isa = PBXFileSystemSynchronizedBuildFileExceptionSet;
			membershipExceptions = (
				ChecklistItem.swift,
			);
			target = 6F22AE372C0EDCC000DBC339 /* GeneVectorEditor */;
		};
/* End PBXFileSystemSynchronizedBuildFileExceptionSet section */

/* Begin PBXFileSystemSynchronizedRootGroup section */
		6F6F6AAB2D27BE9D0087BA28 /* genes */ = {isa = PBXFileSystemSynchronizedRootGroup; explicitFileTypes = {}; explicitFolders = (); path = genes; sourceTree = "<group>"; };
		6F6F6AED2D29767F0087BA28 /* Archives */ = {isa = PBXFileSystemSynchronizedRootGroup; exceptions = (6F6F6AEE2D29769C0087BA28 /* PBXFileSystemSynchronizedBuildFileExceptionSet */, ); explicitFileTypes = {}; explicitFolders = (); path = Archives; sourceTree = "<group>"; };
/* End PBXFileSystemSynchronizedRootGroup section */

/* Begin PBXFrameworksBuildPhase section */
		6F22AE352C0EDCC000DBC339 /* Frameworks */ = {
			isa = PBXFrameworksBuildPhase;
			buildActionMask = 2147483647;
			files = (
			);
			runOnlyForDeploymentPostprocessing = 0;
		};
		6F22AE472C0EDCC200DBC339 /* Frameworks */ = {
			isa = PBXFrameworksBuildPhase;
			buildActionMask = 2147483647;
			files = (
			);
			runOnlyForDeploymentPostprocessing = 0;
		};
		6F22AE512C0EDCC200DBC339 /* Frameworks */ = {
			isa = PBXFrameworksBuildPhase;
			buildActionMask = 2147483647;
			files = (
			);
			runOnlyForDeploymentPostprocessing = 0;
		};
/* End PBXFrameworksBuildPhase section */

/* Begin PBXGroup section */
		6F22AE2F2C0EDCC000DBC339 = {
			isa = PBXGroup;
			children = (
				6F22AE3A2C0EDCC000DBC339 /* GeneVectorEditor */,
				6F22AE4D2C0EDCC200DBC339 /* GeneVectorEditorTests */,
				6F22AE572C0EDCC200DBC339 /* GeneVectorEditorUITests */,
				6F6F6AD32D291A780087BA28 /* Frameworks */,
				6F22AE392C0EDCC000DBC339 /* Products */,
			);
			sourceTree = "<group>";
		};
		6F22AE392C0EDCC000DBC339 /* Products */ = {
			isa = PBXGroup;
			children = (
				6F22AE382C0EDCC000DBC339 /* GeneVectorEditor.app */,
				6F22AE4A2C0EDCC200DBC339 /* GeneVectorEditorTests.xctest */,
				6F22AE542C0EDCC200DBC339 /* GeneVectorEditorUITests.xctest */,
			);
			name = Products;
			sourceTree = "<group>";
		};
		6F22AE3A2C0EDCC000DBC339 /* GeneVectorEditor */ = {
			isa = PBXGroup;
			children = (
				6F6F6AED2D29767F0087BA28 /* Archives */,
				6F6F6AD62D291AF70087BA28 /* GeneVectorEditor.entitlements */,
				6F6F6AE52D2973240087BA28 /* Utils */,
				6F6F6AA32D27BE9A0087BA28 /* Resources */,
				6F6F6A4F2D27AE150087BA28 /* Components */,
				6F6F6A032D26CBEC0087BA28 /* Network */,
				6F6F69FE2D26CBD30087BA28 /* ViewModels */,
				6F6F6AD92D291F2C0087BA28 /* Pages */,
				6F6F69F12D26CB8D0087BA28 /* Views */,
				6F6F69E62D26CB640087BA28 /* Models */,
				6F22AE3B2C0EDCC000DBC339 /* GeneVectorEditorApp.swift */,
				6F22AE3F2C0EDCC000DBC339 /* Item.swift */,
				6F6F6A082D26CCB80087BA28 /* Extensions.swift */,
				6F22AE672C0F4AC700DBC339 /* CircularView.swift */,
				6F22AE412C0EDCC200DBC339 /* Assets.xcassets */,
				6F22AE432C0EDCC200DBC339 /* Preview Content */,
				6F72D36C2C104815008F86CD /* IconCardView.swift */,
				6F72D36E2C10483D008F86CD /* IconCardViewTest.swift */,
			);
			path = GeneVectorEditor;
			sourceTree = "<group>";
		};
		6F22AE432C0EDCC200DBC339 /* Preview Content */ = {
			isa = PBXGroup;
			children = (
				6F22AE442C0EDCC200DBC339 /* Preview Assets.xcassets */,
			);
			path = "Preview Content";
			sourceTree = "<group>";
		};
		6F22AE4D2C0EDCC200DBC339 /* GeneVectorEditorTests */ = {
			isa = PBXGroup;
			children = (
				6F6F6AE82D2973410087BA28 /* FeileManagerTests.swift */,
				6F22AE4E2C0EDCC200DBC339 /* GeneVectorEditorTests.swift */,
			);
			path = GeneVectorEditorTests;
			sourceTree = "<group>";
		};
		6F22AE572C0EDCC200DBC339 /* GeneVectorEditorUITests */ = {
			isa = PBXGroup;
			children = (
				6F22AE582C0EDCC200DBC339 /* GeneVectorEditorUITests.swift */,
				6F22AE5A2C0EDCC200DBC339 /* GeneVectorEditorUITestsLaunchTests.swift */,
			);
			path = GeneVectorEditorUITests;
			sourceTree = "<group>";
		};
		6F6F69E62D26CB640087BA28 /* Models */ = {
			isa = PBXGroup;
			children = (
				6F6F6A3D2D26F1680087BA28 /* CutSite.swift */,
				6F6F6A452D26F1FE0087BA28 /* Genbank.swift */,
				6F6F6A412D26F1C00087BA28 /* ORFs.swift */,
				6F6F6A342D26EE6A0087BA28 /* GenePart.swift */,
				6F6F6A102D26D6840087BA28 /* Notes.swift */,
				6F6F69EF2D26CB830087BA28 /* ExtraLine.swift */,
				6F6F69ED2D26CB7C0087BA28 /* GeneTranslation.swift */,
				6F6F69EB2D26CB760087BA28 /* GenePrimer.swift */,
				6F6F69E92D26CB6F0087BA28 /* GeneFeature.swift */,
				6F6F69E72D26CB690087BA28 /* Gene.swift */,
			);
			path = Models;
			sourceTree = "<group>";
		};
		6F6F69F12D26CB8D0087BA28 /* Views */ = {
			isa = PBXGroup;
			children = (
				6F6F6ABC2D2809F40087BA28 /* Sidebar */,
				6F6F6A362D26EF230087BA28 /* GeneFile */,
				6F6F6A2C2D26E9820087BA28 /* GeneData.swift */,
				6F6F69F42D26CB9E0087BA28 /* GeneCellView.swift */,
				6F6F69F22D26CB960087BA28 /* ContentView.swift */,
			);
			path = Views;
			sourceTree = "<group>";
		};
		6F6F69FE2D26CBD30087BA28 /* ViewModels */ = {
			isa = PBXGroup;
			children = (
				6F6F69FF2D26CBDB0087BA28 /* GeneViewModel.swift */,
			);
			path = ViewModels;
			sourceTree = "<group>";
		};
		6F6F6A032D26CBEC0087BA28 /* Network */ = {
			isa = PBXGroup;
			children = (
				6F6F6AC92D282A6F0087BA28 /* FileManager.swift */,
				6F6F6AB22D27C1A20087BA28 /* SanboxDirectory.swift */,
				6F6F6AB02D27C0E00087BA28 /* LocalDirectory.swift */,
				6F6F6A502D27B1510087BA28 /* GeneDirService.swift */,
				6F6F6A012D26CBE40087BA28 /* GeneService.swift */,
			);
			path = Network;
			sourceTree = "<group>";
		};
		6F6F6A362D26EF230087BA28 /* GeneFile */ = {
			isa = PBXGroup;
			children = (
				6F6F6A472D26F5E80087BA28 /* FeaturesView 2.swift */,
				6F6F6A432D26F1F30087BA28 /* GenbankView.swift */,
				6F6F6A3F2D26F1B40087BA28 /* ORFsView.swift */,
				6F6F6A3B2D26F1520087BA28 /* CutSitesView.swift */,
				6F6F6A392D26F0E10087BA28 /* TranslationsView.swift */,
				6F6F6A372D26F00A0087BA28 /* PrimersView.swift */,
				6F6F6A302D26EB900087BA28 /* FileDetailPage 3.swift */,
				6F6F6A282D26E74A0087BA28 /* GeneralView.swift */,
				6F6F6A242D26E6540087BA28 /* FeaturesView.swift */,
				6F6F6A322D26EE240087BA28 /* PartsView 2.swift */,
			);
			path = GeneFile;
			sourceTree = "<group>";
		};
		6F6F6A4F2D27AE150087BA28 /* Components */ = {
			isa = PBXGroup;
			children = (
				6F6F6AD72D291C2C0087BA28 /* Functions.swift */,
			);
			path = Components;
			sourceTree = "<group>";
		};
		6F6F6AA32D27BE9A0087BA28 /* Resources */ = {
			isa = PBXGroup;
			children = (
				6F6F6AAB2D27BE9D0087BA28 /* genes */,
				6F6F6AA22D27BE9A0087BA28 /* genes111.json */,
			);
			path = Resources;
			sourceTree = "<group>";
		};
		6F6F6ABC2D2809F40087BA28 /* Sidebar */ = {
			isa = PBXGroup;
			children = (
				6F6F6AB62D27E1D70087BA28 /* SidebarView.swift */,
			);
			path = Sidebar;
			sourceTree = "<group>";
		};
		6F6F6AD32D291A780087BA28 /* Frameworks */ = {
			isa = PBXGroup;
			children = (
				6F6F6B032D2995490087BA28 /* AppKit.framework */,
			);
			name = Frameworks;
			sourceTree = "<group>";
		};
		6F6F6AD92D291F2C0087BA28 /* Pages */ = {
			isa = PBXGroup;
			children = (
				6F6F6B0D2D299B7C0087BA28 /* SequenceView */,
				6F6F6B0A2D299B450087BA28 /* Sequence */,
				6F6F6B092D299AA60087BA28 /* Settings */,
				6F6F6B082D299A9A0087BA28 /* Notifications */,
				6F6F6B072D299A910087BA28 /* User */,
				6F6F6B062D299A870087BA28 /* Help */,
				6F6F6B052D299A7C0087BA28 /* Dashboard */,
				6F6F6AF92D2978950087BA28 /* RoadmapView.swift */,
				6F6F6AF72D2978880087BA28 /* TechnologiesView.swift */,
				6F6F6AF52D29787D0087BA28 /* CapabilitiesView.swift */,
				6F6F6AF32D2978700087BA28 /* StackmapView.swift */,
				6F6F6AB42D27DFC10087BA28 /* MainDashboardView.swift */,
				6F6F6A222D26E5E30087BA28 /* ManageEnzymesView.swift */,
			);
			path = Pages;
			sourceTree = "<group>";
		};
		6F6F6AE52D2973240087BA28 /* Utils */ = {
			isa = PBXGroup;
			children = (
				6F6F6AFD2D29790A0087BA28 /* GeneFile.swift */,
				6F6F6AFB2D2978A30087BA28 /* SidebarMenu.swift */,
				6F6F6AE62D2973310087BA28 /* GeneFileManager.swift */,
			);
			path = Utils;
			sourceTree = "<group>";
		};
		6F6F6B052D299A7C0087BA28 /* Dashboard */ = {
			isa = PBXGroup;
			children = (
				6F6F6ABD2D280D520087BA28 /* DashboardContentView.swift */,
				6F6F6AFF2D2979480087BA28 /* GeneListView.swift */,
			);
			path = Dashboard;
			sourceTree = "<group>";
		};
		6F6F6B062D299A870087BA28 /* Help */ = {
			isa = PBXGroup;
			children = (
				6F6F6AC72D2828C90087BA28 /* HelpView.swift */,
			);
			path = Help;
			sourceTree = "<group>";
		};
		6F6F6B072D299A910087BA28 /* User */ = {
			isa = PBXGroup;
			children = (
				6F6F6ACF2D2836060087BA28 /* UserPanelView.swift */,
				6F6F6ACD2D2835D10087BA28 /* UserDetailModalView.swift */,
				6F6F6ACB2D2834C60087BA28 /* UserDetailView.swift */,
			);
			path = User;
			sourceTree = "<group>";
		};
		6F6F6B082D299A9A0087BA28 /* Notifications */ = {
			isa = PBXGroup;
			children = (
				6F6F6AC32D2828220087BA28 /* NotificationsView.swift */,
			);
			path = Notifications;
			sourceTree = "<group>";
		};
		6F6F6B092D299AA60087BA28 /* Settings */ = {
			isa = PBXGroup;
			children = (
				6F6F6AC52D2828990087BA28 /* SettingsView.swift */,
			);
			path = Settings;
			sourceTree = "<group>";
		};
		6F6F6B0A2D299B450087BA28 /* Sequence */ = {
			isa = PBXGroup;
			children = (
				6F6F6AEF2D2977970087BA28 /* GeneSequenceListView.swift */,
				6F6F6AF12D2977CF0087BA28 /* GeneFileRow.swift */,
			);
			path = Sequence;
			sourceTree = "<group>";
		};
		6F6F6B0D2D299B7C0087BA28 /* SequenceView */ = {
			isa = PBXGroup;
			children = (
				6F6F6AD12D29174A0087BA28 /* GeneSequenceView.swift */,
			);
			path = SequenceView;
			sourceTree = "<group>";
		};
/* End PBXGroup section */

/* Begin PBXNativeTarget section */
		6F22AE372C0EDCC000DBC339 /* GeneVectorEditor */ = {
			isa = PBXNativeTarget;
			buildConfigurationList = 6F22AE5E2C0EDCC200DBC339 /* Build configuration list for PBXNativeTarget "GeneVectorEditor" */;
			buildPhases = (
				6F22AE342C0EDCC000DBC339 /* Sources */,
				6F22AE352C0EDCC000DBC339 /* Frameworks */,
				6F22AE362C0EDCC000DBC339 /* Resources */,
			);
			buildRules = (
			);
			dependencies = (
			);
			fileSystemSynchronizedGroups = (
				6F6F6AAB2D27BE9D0087BA28 /* genes */,
			);
			name = GeneVectorEditor;
			productName = GeneVectorEditor;
			productReference = 6F22AE382C0EDCC000DBC339 /* GeneVectorEditor.app */;
			productType = "com.apple.product-type.application";
		};
		6F22AE492C0EDCC200DBC339 /* GeneVectorEditorTests */ = {
			isa = PBXNativeTarget;
			buildConfigurationList = 6F22AE612C0EDCC200DBC339 /* Build configuration list for PBXNativeTarget "GeneVectorEditorTests" */;
			buildPhases = (
				6F22AE462C0EDCC200DBC339 /* Sources */,
				6F22AE472C0EDCC200DBC339 /* Frameworks */,
				6F22AE482C0EDCC200DBC339 /* Resources */,
			);
			buildRules = (
			);
			dependencies = (
				6F22AE4C2C0EDCC200DBC339 /* PBXTargetDependency */,
			);
			name = GeneVectorEditorTests;
			productName = GeneVectorEditorTests;
			productReference = 6F22AE4A2C0EDCC200DBC339 /* GeneVectorEditorTests.xctest */;
			productType = "com.apple.product-type.bundle.unit-test";
		};
		6F22AE532C0EDCC200DBC339 /* GeneVectorEditorUITests */ = {
			isa = PBXNativeTarget;
			buildConfigurationList = 6F22AE642C0EDCC200DBC339 /* Build configuration list for PBXNativeTarget "GeneVectorEditorUITests" */;
			buildPhases = (
				6F22AE502C0EDCC200DBC339 /* Sources */,
				6F22AE512C0EDCC200DBC339 /* Frameworks */,
				6F22AE522C0EDCC200DBC339 /* Resources */,
			);
			buildRules = (
			);
			dependencies = (
				6F22AE562C0EDCC200DBC339 /* PBXTargetDependency */,
			);
			name = GeneVectorEditorUITests;
			productName = GeneVectorEditorUITests;
			productReference = 6F22AE542C0EDCC200DBC339 /* GeneVectorEditorUITests.xctest */;
			productType = "com.apple.product-type.bundle.ui-testing";
		};
/* End PBXNativeTarget section */

/* Begin PBXProject section */
		6F22AE302C0EDCC000DBC339 /* Project object */ = {
			isa = PBXProject;
			attributes = {
				BuildIndependentTargetsInParallel = 1;
				LastSwiftUpdateCheck = 1540;
				LastUpgradeCheck = 1620;
				TargetAttributes = {
					6F22AE372C0EDCC000DBC339 = {
						CreatedOnToolsVersion = 15.4;
					};
					6F22AE492C0EDCC200DBC339 = {
						CreatedOnToolsVersion = 15.4;
						TestTargetID = 6F22AE372C0EDCC000DBC339;
					};
					6F22AE532C0EDCC200DBC339 = {
						CreatedOnToolsVersion = 15.4;
						TestTargetID = 6F22AE372C0EDCC000DBC339;
					};
				};
			};
			buildConfigurationList = 6F22AE332C0EDCC000DBC339 /* Build configuration list for PBXProject "GeneVectorEditor" */;
			compatibilityVersion = "Xcode 14.0";
			developmentRegion = en;
			hasScannedForEncodings = 0;
			knownRegions = (
				en,
				Base,
			);
			mainGroup = 6F22AE2F2C0EDCC000DBC339;
			packageReferences = (
			);
			productRefGroup = 6F22AE392C0EDCC000DBC339 /* Products */;
			projectDirPath = "";
			projectRoot = "";
			targets = (
				6F22AE372C0EDCC000DBC339 /* GeneVectorEditor */,
				6F22AE492C0EDCC200DBC339 /* GeneVectorEditorTests */,
				6F22AE532C0EDCC200DBC339 /* GeneVectorEditorUITests */,
			);
		};
/* End PBXProject section */

/* Begin PBXResourcesBuildPhase section */
		6F22AE362C0EDCC000DBC339 /* Resources */ = {
			isa = PBXResourcesBuildPhase;
			buildActionMask = 2147483647;
			files = (
				6F22AE452C0EDCC200DBC339 /* Preview Assets.xcassets in Resources */,
				6F22AE422C0EDCC200DBC339 /* Assets.xcassets in Resources */,
				6F6F6AA72D27BE9A0087BA28 /* genes111.json in Resources */,
			);
			runOnlyForDeploymentPostprocessing = 0;
		};
		6F22AE482C0EDCC200DBC339 /* Resources */ = {
			isa = PBXResourcesBuildPhase;
			buildActionMask = 2147483647;
			files = (
			);
			runOnlyForDeploymentPostprocessing = 0;
		};
		6F22AE522C0EDCC200DBC339 /* Resources */ = {
			isa = PBXResourcesBuildPhase;
			buildActionMask = 2147483647;
			files = (
			);
			runOnlyForDeploymentPostprocessing = 0;
		};
/* End PBXResourcesBuildPhase section */

/* Begin PBXSourcesBuildPhase section */
		6F22AE342C0EDCC000DBC339 /* Sources */ = {
			isa = PBXSourcesBuildPhase;
			buildActionMask = 2147483647;
			files = (
				6F22AE682C0F4AC700DBC339 /* CircularView.swift in Sources */,
				6F6F6AC62D2828990087BA28 /* SettingsView.swift in Sources */,
				6F6F6A002D26CBDF0087BA28 /* GeneViewModel.swift in Sources */,
				6F6F6AF22D2977CF0087BA28 /* GeneFileRow.swift in Sources */,
				6F6F6AB12D27C0E10087BA28 /* LocalDirectory.swift in Sources */,
				6F6F6AB32D27C1A90087BA28 /* SanboxDirectory.swift in Sources */,
				6F6F69F32D26CB990087BA28 /* ContentView.swift in Sources */,
				6F6F6AF42D2978700087BA28 /* StackmapView.swift in Sources */,
				6F22AE402C0EDCC000DBC339 /* Item.swift in Sources */,
				6F6F69E82D26CB6B0087BA28 /* Gene.swift in Sources */,
				6F6F6A3E2D26F1680087BA28 /* CutSite.swift in Sources */,
				6F6F6A402D26F1B40087BA28 /* ORFsView.swift in Sources */,
				6F6F6ACE2D2835D10087BA28 /* UserDetailModalView.swift in Sources */,
				6F6F69EC2D26CB790087BA28 /* GenePrimer.swift in Sources */,
				6F6F69F52D26CBA20087BA28 /* GeneCellView.swift in Sources */,
				6F6F6A422D26F1C00087BA28 /* ORFs.swift in Sources */,
				6F6F6A442D26F1F30087BA28 /* GenbankView.swift in Sources */,
				6F6F6A3A2D26F0E10087BA28 /* TranslationsView.swift in Sources */,
				6F6F69EA2D26CB720087BA28 /* GeneFeature.swift in Sources */,
				6F6F6AB72D27E1D70087BA28 /* SidebarView.swift in Sources */,
				6F6F6AC82D2828C90087BA28 /* HelpView.swift in Sources */,
				6F6F6ABE2D280D520087BA28 /* DashboardContentView.swift in Sources */,
				6F6F6A112D26D6860087BA28 /* Notes.swift in Sources */,
				6F6F6AFA2D2978950087BA28 /* RoadmapView.swift in Sources */,
				6F6F6AFC2D2978A30087BA28 /* SidebarMenu.swift in Sources */,
				6F6F6A3C2D26F1520087BA28 /* CutSitesView.swift in Sources */,
				6F72D36D2C104815008F86CD /* IconCardView.swift in Sources */,
				6F6F6AC42D2828220087BA28 /* NotificationsView.swift in Sources */,
				6F6F6ACC2D2834C60087BA28 /* UserDetailView.swift in Sources */,
				6F6F6A2D2D26E9820087BA28 /* GeneData.swift in Sources */,
				6F6F6AD82D291C2F0087BA28 /* Functions.swift in Sources */,
				6F6F6A512D27B1510087BA28 /* GeneDirService.swift in Sources */,
				6F6F6ACA2D282A750087BA28 /* FileManager.swift in Sources */,
				6F6F6AD22D29174A0087BA28 /* GeneSequenceView.swift in Sources */,
				6F6F6A292D26E74A0087BA28 /* GeneralView.swift in Sources */,
				6F6F6A312D26EB900087BA28 /* FileDetailPage 3.swift in Sources */,
				6F6F6B002D2979480087BA28 /* GeneListView.swift in Sources */,
				6F6F6A332D26EE240087BA28 /* PartsView 2.swift in Sources */,
				6F6F6A232D26E5E30087BA28 /* ManageEnzymesView.swift in Sources */,
				6F6F6A352D26EE6C0087BA28 /* GenePart.swift in Sources */,
				6F6F6AF62D29787D0087BA28 /* CapabilitiesView.swift in Sources */,
				6F6F6A022D26CBE80087BA28 /* GeneService.swift in Sources */,
				6F6F6AF02D2977970087BA28 /* GeneSequenceListView.swift in Sources */,
				6F6F69F02D26CB860087BA28 /* ExtraLine.swift in Sources */,
				6F6F6AE72D2973310087BA28 /* GeneFileManager.swift in Sources */,
				6F6F6A092D26CCBD0087BA28 /* Extensions.swift in Sources */,
				6F6F6A252D26E6540087BA28 /* FeaturesView.swift in Sources */,
				6F6F6AF82D2978880087BA28 /* TechnologiesView.swift in Sources */,
				6F6F6AD02D2836060087BA28 /* UserPanelView.swift in Sources */,
				6F22AE3C2C0EDCC000DBC339 /* GeneVectorEditorApp.swift in Sources */,
				6F72D36F2C10483D008F86CD /* IconCardViewTest.swift in Sources */,
				6F6F6AFE2D29790A0087BA28 /* GeneFile.swift in Sources */,
				6F6F6A382D26F00A0087BA28 /* PrimersView.swift in Sources */,
				6F6F6A482D26F5E80087BA28 /* FeaturesView 2.swift in Sources */,
				6F6F6A462D26F1FE0087BA28 /* Genbank.swift in Sources */,
				6F6F6AB52D27DFC10087BA28 /* MainDashboardView.swift in Sources */,
				6F6F69EE2D26CB800087BA28 /* GeneTranslation.swift in Sources */,
			);
			runOnlyForDeploymentPostprocessing = 0;
		};
		6F22AE462C0EDCC200DBC339 /* Sources */ = {
			isa = PBXSourcesBuildPhase;
			buildActionMask = 2147483647;
			files = (
				6F22AE4F2C0EDCC200DBC339 /* GeneVectorEditorTests.swift in Sources */,
				6F6F6AE92D2973490087BA28 /* FeileManagerTests.swift in Sources */,
			);
			runOnlyForDeploymentPostprocessing = 0;
		};
		6F22AE502C0EDCC200DBC339 /* Sources */ = {
			isa = PBXSourcesBuildPhase;
			buildActionMask = 2147483647;
			files = (
				6F22AE592C0EDCC200DBC339 /* GeneVectorEditorUITests.swift in Sources */,
				6F22AE5B2C0EDCC200DBC339 /* GeneVectorEditorUITestsLaunchTests.swift in Sources */,
			);
			runOnlyForDeploymentPostprocessing = 0;
		};
/* End PBXSourcesBuildPhase section */

/* Begin PBXTargetDependency section */
		6F22AE4C2C0EDCC200DBC339 /* PBXTargetDependency */ = {
			isa = PBXTargetDependency;
			target = 6F22AE372C0EDCC000DBC339 /* GeneVectorEditor */;
			targetProxy = 6F22AE4B2C0EDCC200DBC339 /* PBXContainerItemProxy */;
		};
		6F22AE562C0EDCC200DBC339 /* PBXTargetDependency */ = {
			isa = PBXTargetDependency;
			target = 6F22AE372C0EDCC000DBC339 /* GeneVectorEditor */;
			targetProxy = 6F22AE552C0EDCC200DBC339 /* PBXContainerItemProxy */;
		};
/* End PBXTargetDependency section */

/* Begin XCBuildConfiguration section */
		6F22AE5C2C0EDCC200DBC339 /* Debug */ = {
			isa = XCBuildConfiguration;
			buildSettings = {
				ALWAYS_SEARCH_USER_PATHS = NO;
				ASSETCATALOG_COMPILER_GENERATE_SWIFT_ASSET_SYMBOL_EXTENSIONS = YES;
				CLANG_ANALYZER_NONNULL = YES;
				CLANG_ANALYZER_NUMBER_OBJECT_CONVERSION = YES_AGGRESSIVE;
				CLANG_CXX_LANGUAGE_STANDARD = "gnu++20";
				CLANG_ENABLE_MODULES = YES;
				CLANG_ENABLE_OBJC_ARC = YES;
				CLANG_ENABLE_OBJC_WEAK = YES;
				CLANG_WARN_BLOCK_CAPTURE_AUTORELEASING = YES;
				CLANG_WARN_BOOL_CONVERSION = YES;
				CLANG_WARN_COMMA = YES;
				CLANG_WARN_CONSTANT_CONVERSION = YES;
				CLANG_WARN_DEPRECATED_OBJC_IMPLEMENTATIONS = YES;
				CLANG_WARN_DIRECT_OBJC_ISA_USAGE = YES_ERROR;
				CLANG_WARN_DOCUMENTATION_COMMENTS = YES;
				CLANG_WARN_EMPTY_BODY = YES;
				CLANG_WARN_ENUM_CONVERSION = YES;
				CLANG_WARN_INFINITE_RECURSION = YES;
				CLANG_WARN_INT_CONVERSION = YES;
				CLANG_WARN_NON_LITERAL_NULL_CONVERSION = YES;
				CLANG_WARN_OBJC_IMPLICIT_RETAIN_SELF = YES;
				CLANG_WARN_OBJC_LITERAL_CONVERSION = YES;
				CLANG_WARN_OBJC_ROOT_CLASS = YES_ERROR;
				CLANG_WARN_QUOTED_INCLUDE_IN_FRAMEWORK_HEADER = YES;
				CLANG_WARN_RANGE_LOOP_ANALYSIS = YES;
				CLANG_WARN_STRICT_PROTOTYPES = YES;
				CLANG_WARN_SUSPICIOUS_MOVE = YES;
				CLANG_WARN_UNGUARDED_AVAILABILITY = YES_AGGRESSIVE;
				CLANG_WARN_UNREACHABLE_CODE = YES;
				CLANG_WARN__DUPLICATE_METHOD_MATCH = YES;
				COPY_PHASE_STRIP = NO;
				DEBUG_INFORMATION_FORMAT = dwarf;
				ENABLE_STRICT_OBJC_MSGSEND = YES;
				ENABLE_TESTABILITY = YES;
				ENABLE_USER_SCRIPT_SANDBOXING = YES;
				GCC_C_LANGUAGE_STANDARD = gnu17;
				GCC_DYNAMIC_NO_PIC = NO;
				GCC_NO_COMMON_BLOCKS = YES;
				GCC_OPTIMIZATION_LEVEL = 0;
				GCC_PREPROCESSOR_DEFINITIONS = (
					"DEBUG=1",
					"$(inherited)",
				);
				GCC_WARN_64_TO_32_BIT_CONVERSION = YES;
				GCC_WARN_ABOUT_RETURN_TYPE = YES_ERROR;
				GCC_WARN_UNDECLARED_SELECTOR = YES;
				GCC_WARN_UNINITIALIZED_AUTOS = YES_AGGRESSIVE;
				GCC_WARN_UNUSED_FUNCTION = YES;
				GCC_WARN_UNUSED_VARIABLE = YES;
				IPHONEOS_DEPLOYMENT_TARGET = 17.5;
				LOCALIZATION_PREFERS_STRING_CATALOGS = YES;
				MTL_ENABLE_DEBUG_INFO = INCLUDE_SOURCE;
				MTL_FAST_MATH = YES;
				ONLY_ACTIVE_ARCH = YES;
				SDKROOT = iphoneos;
				SWIFT_ACTIVE_COMPILATION_CONDITIONS = "DEBUG $(inherited)";
				SWIFT_OPTIMIZATION_LEVEL = "-Onone";
			};
			name = Debug;
		};
		6F22AE5D2C0EDCC200DBC339 /* Release */ = {
			isa = XCBuildConfiguration;
			buildSettings = {
				ALWAYS_SEARCH_USER_PATHS = NO;
				ASSETCATALOG_COMPILER_GENERATE_SWIFT_ASSET_SYMBOL_EXTENSIONS = YES;
				CLANG_ANALYZER_NONNULL = YES;
				CLANG_ANALYZER_NUMBER_OBJECT_CONVERSION = YES_AGGRESSIVE;
				CLANG_CXX_LANGUAGE_STANDARD = "gnu++20";
				CLANG_ENABLE_MODULES = YES;
				CLANG_ENABLE_OBJC_ARC = YES;
				CLANG_ENABLE_OBJC_WEAK = YES;
				CLANG_WARN_BLOCK_CAPTURE_AUTORELEASING = YES;
				CLANG_WARN_BOOL_CONVERSION = YES;
				CLANG_WARN_COMMA = YES;
				CLANG_WARN_CONSTANT_CONVERSION = YES;
				CLANG_WARN_DEPRECATED_OBJC_IMPLEMENTATIONS = YES;
				CLANG_WARN_DIRECT_OBJC_ISA_USAGE = YES_ERROR;
				CLANG_WARN_DOCUMENTATION_COMMENTS = YES;
				CLANG_WARN_EMPTY_BODY = YES;
				CLANG_WARN_ENUM_CONVERSION = YES;
				CLANG_WARN_INFINITE_RECURSION = YES;
				CLANG_WARN_INT_CONVERSION = YES;
				CLANG_WARN_NON_LITERAL_NULL_CONVERSION = YES;
				CLANG_WARN_OBJC_IMPLICIT_RETAIN_SELF = YES;
				CLANG_WARN_OBJC_LITERAL_CONVERSION = YES;
				CLANG_WARN_OBJC_ROOT_CLASS = YES_ERROR;
				CLANG_WARN_QUOTED_INCLUDE_IN_FRAMEWORK_HEADER = YES;
				CLANG_WARN_RANGE_LOOP_ANALYSIS = YES;
				CLANG_WARN_STRICT_PROTOTYPES = YES;
				CLANG_WARN_SUSPICIOUS_MOVE = YES;
				CLANG_WARN_UNGUARDED_AVAILABILITY = YES_AGGRESSIVE;
				CLANG_WARN_UNREACHABLE_CODE = YES;
				CLANG_WARN__DUPLICATE_METHOD_MATCH = YES;
				COPY_PHASE_STRIP = NO;
				DEBUG_INFORMATION_FORMAT = "dwarf-with-dsym";
				ENABLE_NS_ASSERTIONS = NO;
				ENABLE_STRICT_OBJC_MSGSEND = YES;
				ENABLE_USER_SCRIPT_SANDBOXING = YES;
				GCC_C_LANGUAGE_STANDARD = gnu17;
				GCC_NO_COMMON_BLOCKS = YES;
				GCC_WARN_64_TO_32_BIT_CONVERSION = YES;
				GCC_WARN_ABOUT_RETURN_TYPE = YES_ERROR;
				GCC_WARN_UNDECLARED_SELECTOR = YES;
				GCC_WARN_UNINITIALIZED_AUTOS = YES_AGGRESSIVE;
				GCC_WARN_UNUSED_FUNCTION = YES;
				GCC_WARN_UNUSED_VARIABLE = YES;
				IPHONEOS_DEPLOYMENT_TARGET = 17.5;
				LOCALIZATION_PREFERS_STRING_CATALOGS = YES;
				MTL_ENABLE_DEBUG_INFO = NO;
				MTL_FAST_MATH = YES;
				SDKROOT = iphoneos;
				SWIFT_COMPILATION_MODE = wholemodule;
				VALIDATE_PRODUCT = YES;
			};
			name = Release;
		};
		6F22AE5F2C0EDCC200DBC339 /* Debug */ = {
			isa = XCBuildConfiguration;
			buildSettings = {
				ASSETCATALOG_COMPILER_APPICON_NAME = AppIcon;
				ASSETCATALOG_COMPILER_GLOBAL_ACCENT_COLOR_NAME = AccentColor;
				CODE_SIGN_ENTITLEMENTS = GeneVectorEditor/GeneVectorEditor.entitlements;
				CODE_SIGN_IDENTITY = "Apple Development";
				CODE_SIGN_INJECT_BASE_ENTITLEMENTS = NO;
				CODE_SIGN_STYLE = Automatic;
				CURRENT_PROJECT_VERSION = 1;
				DEVELOPMENT_ASSET_PATHS = "\"GeneVectorEditor/Preview Content\"";
				DEVELOPMENT_TEAM = G89SH2C4CP;
				ENABLE_PREVIEWS = YES;
				GENERATE_INFOPLIST_FILE = YES;
				INFOPLIST_KEY_NSDownloadsFolderUsageDescription = "";
				INFOPLIST_KEY_UIApplicationSceneManifest_Generation = YES;
				INFOPLIST_KEY_UIApplicationSupportsIndirectInputEvents = YES;
				INFOPLIST_KEY_UILaunchScreen_Generation = YES;
				INFOPLIST_KEY_UISupportedInterfaceOrientations_iPad = "UIInterfaceOrientationPortrait UIInterfaceOrientationPortraitUpsideDown UIInterfaceOrientationLandscapeLeft UIInterfaceOrientationLandscapeRight";
				INFOPLIST_KEY_UISupportedInterfaceOrientations_iPhone = "UIInterfaceOrientationPortrait UIInterfaceOrientationLandscapeLeft UIInterfaceOrientationLandscapeRight";
				IPHONEOS_DEPLOYMENT_TARGET = 17.3;
				LD_RUNPATH_SEARCH_PATHS = (
					"$(inherited)",
					"@executable_path/Frameworks",
				);
				MARKETING_VERSION = 1.0;
				PRODUCT_BUNDLE_IDENTIFIER = com.royalwang.GeneVectorEditor;
				PRODUCT_NAME = "$(TARGET_NAME)";
				PROVISIONING_PROFILE_SPECIFIER = "";
				REGISTER_APP_GROUPS = NO;
				SUPPORTED_PLATFORMS = "iphoneos iphonesimulator";
				SUPPORTS_MACCATALYST = NO;
				SUPPORTS_MAC_DESIGNED_FOR_IPHONE_IPAD = YES;
				SUPPORTS_XR_DESIGNED_FOR_IPHONE_IPAD = NO;
				SWIFT_EMIT_LOC_STRINGS = YES;
				SWIFT_VERSION = 5.0;
				TARGETED_DEVICE_FAMILY = "1,2";
			};
			name = Debug;
		};
		6F22AE602C0EDCC200DBC339 /* Release */ = {
			isa = XCBuildConfiguration;
			buildSettings = {
				ASSETCATALOG_COMPILER_APPICON_NAME = AppIcon;
				ASSETCATALOG_COMPILER_GLOBAL_ACCENT_COLOR_NAME = AccentColor;
				CODE_SIGN_ENTITLEMENTS = GeneVectorEditor/GeneVectorEditor.entitlements;
				CODE_SIGN_IDENTITY = "Apple Development";
				CODE_SIGN_INJECT_BASE_ENTITLEMENTS = NO;
				CODE_SIGN_STYLE = Automatic;
				CURRENT_PROJECT_VERSION = 1;
				DEVELOPMENT_ASSET_PATHS = "\"GeneVectorEditor/Preview Content\"";
				DEVELOPMENT_TEAM = G89SH2C4CP;
				ENABLE_PREVIEWS = YES;
				GENERATE_INFOPLIST_FILE = YES;
				INFOPLIST_KEY_NSDownloadsFolderUsageDescription = "";
				INFOPLIST_KEY_UIApplicationSceneManifest_Generation = YES;
				INFOPLIST_KEY_UIApplicationSupportsIndirectInputEvents = YES;
				INFOPLIST_KEY_UILaunchScreen_Generation = YES;
				INFOPLIST_KEY_UISupportedInterfaceOrientations_iPad = "UIInterfaceOrientationPortrait UIInterfaceOrientationPortraitUpsideDown UIInterfaceOrientationLandscapeLeft UIInterfaceOrientationLandscapeRight";
				INFOPLIST_KEY_UISupportedInterfaceOrientations_iPhone = "UIInterfaceOrientationPortrait UIInterfaceOrientationLandscapeLeft UIInterfaceOrientationLandscapeRight";
				IPHONEOS_DEPLOYMENT_TARGET = 17.3;
				LD_RUNPATH_SEARCH_PATHS = (
					"$(inherited)",
					"@executable_path/Frameworks",
				);
				MARKETING_VERSION = 1.0;
				PRODUCT_BUNDLE_IDENTIFIER = com.royalwang.GeneVectorEditor;
				PRODUCT_NAME = "$(TARGET_NAME)";
				PROVISIONING_PROFILE_SPECIFIER = "";
				REGISTER_APP_GROUPS = NO;
				SUPPORTED_PLATFORMS = "iphoneos iphonesimulator";
				SUPPORTS_MACCATALYST = NO;
				SUPPORTS_MAC_DESIGNED_FOR_IPHONE_IPAD = YES;
				SUPPORTS_XR_DESIGNED_FOR_IPHONE_IPAD = NO;
				SWIFT_EMIT_LOC_STRINGS = YES;
				SWIFT_VERSION = 5.0;
				TARGETED_DEVICE_FAMILY = "1,2";
			};
			name = Release;
		};
		6F22AE622C0EDCC200DBC339 /* Debug */ = {
			isa = XCBuildConfiguration;
			buildSettings = {
				BUNDLE_LOADER = "$(TEST_HOST)";
				CODE_SIGN_STYLE = Automatic;
				CURRENT_PROJECT_VERSION = 1;
				DEVELOPMENT_TEAM = G89SH2C4CP;
				GENERATE_INFOPLIST_FILE = YES;
				IPHONEOS_DEPLOYMENT_TARGET = 17.5;
				MARKETING_VERSION = 1.0;
				PRODUCT_BUNDLE_IDENTIFIER = com.royalwang.GeneVectorEditorTests;
				PRODUCT_NAME = "$(TARGET_NAME)";
				SWIFT_EMIT_LOC_STRINGS = NO;
				SWIFT_VERSION = 5.0;
				TARGETED_DEVICE_FAMILY = "1,2";
				TEST_HOST = "$(BUILT_PRODUCTS_DIR)/GeneVectorEditor.app/$(BUNDLE_EXECUTABLE_FOLDER_PATH)/GeneVectorEditor";
			};
			name = Debug;
		};
		6F22AE632C0EDCC200DBC339 /* Release */ = {
			isa = XCBuildConfiguration;
			buildSettings = {
				BUNDLE_LOADER = "$(TEST_HOST)";
				CODE_SIGN_STYLE = Automatic;
				CURRENT_PROJECT_VERSION = 1;
				DEVELOPMENT_TEAM = G89SH2C4CP;
				GENERATE_INFOPLIST_FILE = YES;
				IPHONEOS_DEPLOYMENT_TARGET = 17.5;
				MARKETING_VERSION = 1.0;
				PRODUCT_BUNDLE_IDENTIFIER = com.royalwang.GeneVectorEditorTests;
				PRODUCT_NAME = "$(TARGET_NAME)";
				SWIFT_EMIT_LOC_STRINGS = NO;
				SWIFT_VERSION = 5.0;
				TARGETED_DEVICE_FAMILY = "1,2";
				TEST_HOST = "$(BUILT_PRODUCTS_DIR)/GeneVectorEditor.app/$(BUNDLE_EXECUTABLE_FOLDER_PATH)/GeneVectorEditor";
			};
			name = Release;
		};
		6F22AE652C0EDCC200DBC339 /* Debug */ = {
			isa = XCBuildConfiguration;
			buildSettings = {
				CODE_SIGN_STYLE = Automatic;
				CURRENT_PROJECT_VERSION = 1;
				DEVELOPMENT_TEAM = G89SH2C4CP;
				GENERATE_INFOPLIST_FILE = YES;
				MARKETING_VERSION = 1.0;
				PRODUCT_BUNDLE_IDENTIFIER = com.royalwang.GeneVectorEditorUITests;
				PRODUCT_NAME = "$(TARGET_NAME)";
				SWIFT_EMIT_LOC_STRINGS = NO;
				SWIFT_VERSION = 5.0;
				TARGETED_DEVICE_FAMILY = "1,2";
				TEST_TARGET_NAME = GeneVectorEditor;
			};
			name = Debug;
		};
		6F22AE662C0EDCC200DBC339 /* Release */ = {
			isa = XCBuildConfiguration;
			buildSettings = {
				CODE_SIGN_STYLE = Automatic;
				CURRENT_PROJECT_VERSION = 1;
				DEVELOPMENT_TEAM = G89SH2C4CP;
				GENERATE_INFOPLIST_FILE = YES;
				MARKETING_VERSION = 1.0;
				PRODUCT_BUNDLE_IDENTIFIER = com.royalwang.GeneVectorEditorUITests;
				PRODUCT_NAME = "$(TARGET_NAME)";
				SWIFT_EMIT_LOC_STRINGS = NO;
				SWIFT_VERSION = 5.0;
				TARGETED_DEVICE_FAMILY = "1,2";
				TEST_TARGET_NAME = GeneVectorEditor;
			};
			name = Release;
		};
/* End XCBuildConfiguration section */

/* Begin XCConfigurationList section */
		6F22AE332C0EDCC000DBC339 /* Build configuration list for PBXProject "GeneVectorEditor" */ = {
			isa = XCConfigurationList;
			buildConfigurations = (
				6F22AE5C2C0EDCC200DBC339 /* Debug */,
				6F22AE5D2C0EDCC200DBC339 /* Release */,
			);
			defaultConfigurationIsVisible = 0;
			defaultConfigurationName = Release;
		};
		6F22AE5E2C0EDCC200DBC339 /* Build configuration list for PBXNativeTarget "GeneVectorEditor" */ = {
			isa = XCConfigurationList;
			buildConfigurations = (
				6F22AE5F2C0EDCC200DBC339 /* Debug */,
				6F22AE602C0EDCC200DBC339 /* Release */,
			);
			defaultConfigurationIsVisible = 0;
			defaultConfigurationName = Release;
		};
		6F22AE612C0EDCC200DBC339 /* Build configuration list for PBXNativeTarget "GeneVectorEditorTests" */ = {
			isa = XCConfigurationList;
			buildConfigurations = (
				6F22AE622C0EDCC200DBC339 /* Debug */,
				6F22AE632C0EDCC200DBC339 /* Release */,
			);
			defaultConfigurationIsVisible = 0;
			defaultConfigurationName = Release;
		};
		6F22AE642C0EDCC200DBC339 /* Build configuration list for PBXNativeTarget "GeneVectorEditorUITests" */ = {
			isa = XCConfigurationList;
			buildConfigurations = (
				6F22AE652C0EDCC200DBC339 /* Debug */,
				6F22AE662C0EDCC200DBC339 /* Release */,
			);
			defaultConfigurationIsVisible = 0;
			defaultConfigurationName = Release;
		};
/* End XCConfigurationList section */
	};
	rootObject = 6F22AE302C0EDCC000DBC339 /* Project object */;
}
