// !$*UTF8*$!
{
	archiveVersion = 1;
	classes = {
	};
	objectVersion = 56;
	objects = {

/* Begin PBXBuildFile section */
		6F22AE3C2C0EDCC000DBC339 /* GeneVectorEditorApp.swift in Sources */ = {isa = PBXBuildFile; fileRef = 6F22AE3B2C0EDCC000DBC339 /* GeneVectorEditorApp.swift */; };
		6F22AE3E2C0EDCC000DBC339 /* ContentView.swift in Sources */ = {isa = PBXBuildFile; fileRef = 6F22AE3D2C0EDCC000DBC339 /* ContentView.swift */; };
		6F22AE402C0EDCC000DBC339 /* Item.swift in Sources */ = {isa = PBXBuildFile; fileRef = 6F22AE3F2C0EDCC000DBC339 /* Item.swift */; };
		6F22AE422C0EDCC200DBC339 /* Assets.xcassets in Resources */ = {isa = PBXBuildFile; fileRef = 6F22AE412C0EDCC200DBC339 /* Assets.xcassets */; };
		6F22AE452C0EDCC200DBC339 /* Preview Assets.xcassets in Resources */ = {isa = PBXBuildFile; fileRef = 6F22AE442C0EDCC200DBC339 /* Preview Assets.xcassets */; };
		6F22AE4F2C0EDCC200DBC339 /* GeneVectorEditorTests.swift in Sources */ = {isa = PBXBuildFile; fileRef = 6F22AE4E2C0EDCC200DBC339 /* GeneVectorEditorTests.swift */; };
		6F22AE592C0EDCC200DBC339 /* GeneVectorEditorUITests.swift in Sources */ = {isa = PBXBuildFile; fileRef = 6F22AE582C0EDCC200DBC339 /* GeneVectorEditorUITests.swift */; };
		6F22AE5B2C0EDCC200DBC339 /* GeneVectorEditorUITestsLaunchTests.swift in Sources */ = {isa = PBXBuildFile; fileRef = 6F22AE5A2C0EDCC200DBC339 /* GeneVectorEditorUITestsLaunchTests.swift */; };
/* End PBXBuildFile section */

/* Begin PBXContainerItemProxy section */
		6F22AE4B2C0EDCC200DBC339 /* PBXContainerItemProxy */ = {
			isa = PBXContainerItemProxy;
			containerPortal = 6F22AE302C0EDCC000DBC339 /* Project object */;
			proxyType = 1;
			remoteGlobalIDString = 6F22AE372C0EDCC000DBC339;
			remoteInfo = GeneVectorEditor;
		};
		6F22AE552C0EDCC200DBC339 /* PBXContainerItemProxy */ = {
			isa = PBXContainerItemProxy;
			containerPortal = 6F22AE302C0EDCC000DBC339 /* Project object */;
			proxyType = 1;
			remoteGlobalIDString = 6F22AE372C0EDCC000DBC339;
			remoteInfo = GeneVectorEditor;
		};
/* End PBXContainerItemProxy section */

/* Begin PBXFileReference section */
		6F22AE382C0EDCC000DBC339 /* GeneVectorEditor.app */ = {isa = PBXFileReference; explicitFileType = wrapper.application; includeInIndex = 0; path = GeneVectorEditor.app; sourceTree = BUILT_PRODUCTS_DIR; };
		6F22AE3B2C0EDCC000DBC339 /* GeneVectorEditorApp.swift */ = {isa = PBXFileReference; lastKnownFileType = sourcecode.swift; path = GeneVectorEditorApp.swift; sourceTree = "<group>"; };
		6F22AE3D2C0EDCC000DBC339 /* ContentView.swift */ = {isa = PBXFileReference; lastKnownFileType = sourcecode.swift; path = ContentView.swift; sourceTree = "<group>"; };
		6F22AE3F2C0EDCC000DBC339 /* Item.swift */ = {isa = PBXFileReference; lastKnownFileType = sourcecode.swift; path = Item.swift; sourceTree = "<group>"; };
		6F22AE412C0EDCC200DBC339 /* Assets.xcassets */ = {isa = PBXFileReference; lastKnownFileType = folder.assetcatalog; path = Assets.xcassets; sourceTree = "<group>"; };
		6F22AE442C0EDCC200DBC339 /* Preview Assets.xcassets */ = {isa = PBXFileReference; lastKnownFileType = folder.assetcatalog; path = "Preview Assets.xcassets"; sourceTree = "<group>"; };
		6F22AE4A2C0EDCC200DBC339 /* GeneVectorEditorTests.xctest */ = {isa = PBXFileReference; explicitFileType = wrapper.cfbundle; includeInIndex = 0; path = GeneVectorEditorTests.xctest; sourceTree = BUILT_PRODUCTS_DIR; };
		6F22AE4E2C0EDCC200DBC339 /* GeneVectorEditorTests.swift */ = {isa = PBXFileReference; lastKnownFileType = sourcecode.swift; path = GeneVectorEditorTests.swift; sourceTree = "<group>"; };
		6F22AE542C0EDCC200DBC339 /* GeneVectorEditorUITests.xctest */ = {isa = PBXFileReference; explicitFileType = wrapper.cfbundle; includeInIndex = 0; path = GeneVectorEditorUITests.xctest; sourceTree = BUILT_PRODUCTS_DIR; };
		6F22AE582C0EDCC200DBC339 /* GeneVectorEditorUITests.swift */ = {isa = PBXFileReference; lastKnownFileType = sourcecode.swift; path = GeneVectorEditorUITests.swift; sourceTree = "<group>"; };
		6F22AE5A2C0EDCC200DBC339 /* GeneVectorEditorUITestsLaunchTests.swift */ = {isa = PBXFileReference; lastKnownFileType = sourcecode.swift; path = GeneVectorEditorUITestsLaunchTests.swift; sourceTree = "<group>"; };
/* End PBXFileReference section */

/* Begin PBXFrameworksBuildPhase section */
		6F22AE352C0EDCC000DBC339 /* Frameworks */ = {
			isa = PBXFrameworksBuildPhase;
			buildActionMask = 2147483647;
			files = (
			);
			runOnlyForDeploymentPostprocessing = 0;
		};
		6F22AE472C0EDCC200DBC339 /* Frameworks */ = {
			isa = PBXFrameworksBuildPhase;
			buildActionMask = 2147483647;
			files = (
			);
			runOnlyForDeploymentPostprocessing = 0;
		};
		6F22AE512C0EDCC200DBC339 /* Frameworks */ = {
			isa = PBXFrameworksBuildPhase;
			buildActionMask = 2147483647;
			files = (
			);
			runOnlyForDeploymentPostprocessing = 0;
		};
/* End PBXFrameworksBuildPhase section */

/* Begin PBXGroup section */
		6F22AE2F2C0EDCC000DBC339 = {
			isa = PBXGroup;
			children = (
				6F22AE3A2C0EDCC000DBC339 /* GeneVectorEditor */,
				6F22AE4D2C0EDCC200DBC339 /* GeneVectorEditorTests */,
				6F22AE572C0EDCC200DBC339 /* GeneVectorEditorUITests */,
				6F22AE392C0EDCC000DBC339 /* Products */,
			);
			sourceTree = "<group>";
		};
		6F22AE392C0EDCC000DBC339 /* Products */ = {
			isa = PBXGroup;
			children = (
				6F22AE382C0EDCC000DBC339 /* GeneVectorEditor.app */,
				6F22AE4A2C0EDCC200DBC339 /* GeneVectorEditorTests.xctest */,
				6F22AE542C0EDCC200DBC339 /* GeneVectorEditorUITests.xctest */,
			);
			name = Products;
			sourceTree = "<group>";
		};
		6F22AE3A2C0EDCC000DBC339 /* GeneVectorEditor */ = {
			isa = PBXGroup;
			children = (
				6F22AE3B2C0EDCC000DBC339 /* GeneVectorEditorApp.swift */,
				6F22AE3D2C0EDCC000DBC339 /* ContentView.swift */,
				6F22AE3F2C0EDCC000DBC339 /* Item.swift */,
				6F22AE412C0EDCC200DBC339 /* Assets.xcassets */,
				6F22AE432C0EDCC200DBC339 /* Preview Content */,
			);
			path = GeneVectorEditor;
			sourceTree = "<group>";
		};
		6F22AE432C0EDCC200DBC339 /* Preview Content */ = {
			isa = PBXGroup;
			children = (
				6F22AE442C0EDCC200DBC339 /* Preview Assets.xcassets */,
			);
			path = "Preview Content";
			sourceTree = "<group>";
		};
		6F22AE4D2C0EDCC200DBC339 /* GeneVectorEditorTests */ = {
			isa = PBXGroup;
			children = (
				6F22AE4E2C0EDCC200DBC339 /* GeneVectorEditorTests.swift */,
			);
			path = GeneVectorEditorTests;
			sourceTree = "<group>";
		};
		6F22AE572C0EDCC200DBC339 /* GeneVectorEditorUITests */ = {
			isa = PBXGroup;
			children = (
				6F22AE582C0EDCC200DBC339 /* GeneVectorEditorUITests.swift */,
				6F22AE5A2C0EDCC200DBC339 /* GeneVectorEditorUITestsLaunchTests.swift */,
			);
			path = GeneVectorEditorUITests;
			sourceTree = "<group>";
		};
/* End PBXGroup section */

/* Begin PBXNativeTarget section */
		6F22AE372C0EDCC000DBC339 /* GeneVectorEditor */ = {
			isa = PBXNativeTarget;
			buildConfigurationList = 6F22AE5E2C0EDCC200DBC339 /* Build configuration list for PBXNativeTarget "GeneVectorEditor" */;
			buildPhases = (
				6F22AE342C0EDCC000DBC339 /* Sources */,
				6F22AE352C0EDCC000DBC339 /* Frameworks */,
				6F22AE362C0EDCC000DBC339 /* Resources */,
			);
			buildRules = (
			);
			dependencies = (
			);
			name = GeneVectorEditor;
			productName = GeneVectorEditor;
			productReference = 6F22AE382C0EDCC000DBC339 /* GeneVectorEditor.app */;
			productType = "com.apple.product-type.application";
		};
		6F22AE492C0EDCC200DBC339 /* GeneVectorEditorTests */ = {
			isa = PBXNativeTarget;
			buildConfigurationList = 6F22AE612C0EDCC200DBC339 /* Build configuration list for PBXNativeTarget "GeneVectorEditorTests" */;
			buildPhases = (
				6F22AE462C0EDCC200DBC339 /* Sources */,
				6F22AE472C0EDCC200DBC339 /* Frameworks */,
				6F22AE482C0EDCC200DBC339 /* Resources */,
			);
			buildRules = (
			);
			dependencies = (
				6F22AE4C2C0EDCC200DBC339 /* PBXTargetDependency */,
			);
			name = GeneVectorEditorTests;
			productName = GeneVectorEditorTests;
			productReference = 6F22AE4A2C0EDCC200DBC339 /* GeneVectorEditorTests.xctest */;
			productType = "com.apple.product-type.bundle.unit-test";
		};
		6F22AE532C0EDCC200DBC339 /* GeneVectorEditorUITests */ = {
			isa = PBXNativeTarget;
			buildConfigurationList = 6F22AE642C0EDCC200DBC339 /* Build configuration list for PBXNativeTarget "GeneVectorEditorUITests" */;
			buildPhases = (
				6F22AE502C0EDCC200DBC339 /* Sources */,
				6F22AE512C0EDCC200DBC339 /* Frameworks */,
				6F22AE522C0EDCC200DBC339 /* Resources */,
			);
			buildRules = (
			);
			dependencies = (
				6F22AE562C0EDCC200DBC339 /* PBXTargetDependency */,
			);
			name = GeneVectorEditorUITests;
			productName = GeneVectorEditorUITests;
			productReference = 6F22AE542C0EDCC200DBC339 /* GeneVectorEditorUITests.xctest */;
			productType = "com.apple.product-type.bundle.ui-testing";
		};
/* End PBXNativeTarget section */

/* Begin PBXProject section */
		6F22AE302C0EDCC000DBC339 /* Project object */ = {
			isa = PBXProject;
			attributes = {
				BuildIndependentTargetsInParallel = 1;
				LastSwiftUpdateCheck = 1540;
				LastUpgradeCheck = 1540;
				TargetAttributes = {
					6F22AE372C0EDCC000DBC339 = {
						CreatedOnToolsVersion = 15.4;
					};
					6F22AE492C0EDCC200DBC339 = {
						CreatedOnToolsVersion = 15.4;
						TestTargetID = 6F22AE372C0EDCC000DBC339;
					};
					6F22AE532C0EDCC200DBC339 = {
						CreatedOnToolsVersion = 15.4;
						TestTargetID = 6F22AE372C0EDCC000DBC339;
					};
				};
			};
			buildConfigurationList = 6F22AE332C0EDCC000DBC339 /* Build configuration list for PBXProject "GeneVectorEditor" */;
			compatibilityVersion = "Xcode 14.0";
			developmentRegion = en;
			hasScannedForEncodings = 0;
			knownRegions = (
				en,
				Base,
			);
			mainGroup = 6F22AE2F2C0EDCC000DBC339;
			productRefGroup = 6F22AE392C0EDCC000DBC339 /* Products */;
			projectDirPath = "";
			projectRoot = "";
			targets = (
				6F22AE372C0EDCC000DBC339 /* GeneVectorEditor */,
				6F22AE492C0EDCC200DBC339 /* GeneVectorEditorTests */,
				6F22AE532C0EDCC200DBC339 /* GeneVectorEditorUITests */,
			);
		};
/* End PBXProject section */

/* Begin PBXResourcesBuildPhase section */
		6F22AE362C0EDCC000DBC339 /* Resources */ = {
			isa = PBXResourcesBuildPhase;
			buildActionMask = 2147483647;
			files = (
				6F22AE452C0EDCC200DBC339 /* Preview Assets.xcassets in Resources */,
				6F22AE422C0EDCC200DBC339 /* Assets.xcassets in Resources */,
			);
			runOnlyForDeploymentPostprocessing = 0;
		};
		6F22AE482C0EDCC200DBC339 /* Resources */ = {
			isa = PBXResourcesBuildPhase;
			buildActionMask = 2147483647;
			files = (
			);
			runOnlyForDeploymentPostprocessing = 0;
		};
		6F22AE522C0EDCC200DBC339 /* Resources */ = {
			isa = PBXResourcesBuildPhase;
			buildActionMask = 2147483647;
			files = (
			);
			runOnlyForDeploymentPostprocessing = 0;
		};
/* End PBXResourcesBuildPhase section */

/* Begin PBXSourcesBuildPhase section */
		6F22AE342C0EDCC000DBC339 /* Sources */ = {
			isa = PBXSourcesBuildPhase;
			buildActionMask = 2147483647;
			files = (
				6F22AE3E2C0EDCC000DBC339 /* ContentView.swift in Sources */,
				6F22AE402C0EDCC000DBC339 /* Item.swift in Sources */,
				6F22AE3C2C0EDCC000DBC339 /* GeneVectorEditorApp.swift in Sources */,
			);
			runOnlyForDeploymentPostprocessing = 0;
		};
		6F22AE462C0EDCC200DBC339 /* Sources */ = {
			isa = PBXSourcesBuildPhase;
			buildActionMask = 2147483647;
			files = (
				6F22AE4F2C0EDCC200DBC339 /* GeneVectorEditorTests.swift in Sources */,
			);
			runOnlyForDeploymentPostprocessing = 0;
		};
		6F22AE502C0EDCC200DBC339 /* Sources */ = {
			isa = PBXSourcesBuildPhase;
			buildActionMask = 2147483647;
			files = (
				6F22AE592C0EDCC200DBC339 /* GeneVectorEditorUITests.swift in Sources */,
				6F22AE5B2C0EDCC200DBC339 /* GeneVectorEditorUITestsLaunchTests.swift in Sources */,
			);
			runOnlyForDeploymentPostprocessing = 0;
		};
/* End PBXSourcesBuildPhase section */

/* Begin PBXTargetDependency section */
		6F22AE4C2C0EDCC200DBC339 /* PBXTargetDependency */ = {
			isa = PBXTargetDependency;
			target = 6F22AE372C0EDCC000DBC339 /* GeneVectorEditor */;
			targetProxy = 6F22AE4B2C0EDCC200DBC339 /* PBXContainerItemProxy */;
		};
		6F22AE562C0EDCC200DBC339 /* PBXTargetDependency */ = {
			isa = PBXTargetDependency;
			target = 6F22AE372C0EDCC000DBC339 /* GeneVectorEditor */;
			targetProxy = 6F22AE552C0EDCC200DBC339 /* PBXContainerItemProxy */;
		};
/* End PBXTargetDependency section */

/* Begin XCBuildConfiguration section */
		6F22AE5C2C0EDCC200DBC339 /* Debug */ = {
			isa = XCBuildConfiguration;
			buildSettings = {
				ALWAYS_SEARCH_USER_PATHS = NO;
				ASSETCATALOG_COMPILER_GENERATE_SWIFT_ASSET_SYMBOL_EXTENSIONS = YES;
				CLANG_ANALYZER_NONNULL = YES;
				CLANG_ANALYZER_NUMBER_OBJECT_CONVERSION = YES_AGGRESSIVE;
				CLANG_CXX_LANGUAGE_STANDARD = "gnu++20";
				CLANG_ENABLE_MODULES = YES;
				CLANG_ENABLE_OBJC_ARC = YES;
				CLANG_ENABLE_OBJC_WEAK = YES;
				CLANG_WARN_BLOCK_CAPTURE_AUTORELEASING = YES;
				CLANG_WARN_BOOL_CONVERSION = YES;
				CLANG_WARN_COMMA = YES;
				CLANG_WARN_CONSTANT_CONVERSION = YES;
				CLANG_WARN_DEPRECATED_OBJC_IMPLEMENTATIONS = YES;
				CLANG_WARN_DIRECT_OBJC_ISA_USAGE = YES_ERROR;
				CLANG_WARN_DOCUMENTATION_COMMENTS = YES;
				CLANG_WARN_EMPTY_BODY = YES;
				CLANG_WARN_ENUM_CONVERSION = YES;
				CLANG_WARN_INFINITE_RECURSION = YES;
				CLANG_WARN_INT_CONVERSION = YES;
				CLANG_WARN_NON_LITERAL_NULL_CONVERSION = YES;
				CLANG_WARN_OBJC_IMPLICIT_RETAIN_SELF = YES;
				CLANG_WARN_OBJC_LITERAL_CONVERSION = YES;
				CLANG_WARN_OBJC_ROOT_CLASS = YES_ERROR;
				CLANG_WARN_QUOTED_INCLUDE_IN_FRAMEWORK_HEADER = YES;
				CLANG_WARN_RANGE_LOOP_ANALYSIS = YES;
				CLANG_WARN_STRICT_PROTOTYPES = YES;
				CLANG_WARN_SUSPICIOUS_MOVE = YES;
				CLANG_WARN_UNGUARDED_AVAILABILITY = YES_AGGRESSIVE;
				CLANG_WARN_UNREACHABLE_CODE = YES;
				CLANG_WARN__DUPLICATE_METHOD_MATCH = YES;
				COPY_PHASE_STRIP = NO;
				DEBUG_INFORMATION_FORMAT = dwarf;
				ENABLE_STRICT_OBJC_MSGSEND = YES;
				ENABLE_TESTABILITY = YES;
				ENABLE_USER_SCRIPT_SANDBOXING = YES;
				GCC_C_LANGUAGE_STANDARD = gnu17;
				GCC_DYNAMIC_NO_PIC = NO;
				GCC_NO_COMMON_BLOCKS = YES;
				GCC_OPTIMIZATION_LEVEL = 0;
				GCC_PREPROCESSOR_DEFINITIONS = (
					"DEBUG=1",
					"$(inherited)",
				);
				GCC_WARN_64_TO_32_BIT_CONVERSION = YES;
				GCC_WARN_ABOUT_RETURN_TYPE = YES_ERROR;
				GCC_WARN_UNDECLARED_SELECTOR = YES;
				GCC_WARN_UNINITIALIZED_AUTOS = YES_AGGRESSIVE;
				GCC_WARN_UNUSED_FUNCTION = YES;
				GCC_WARN_UNUSED_VARIABLE = YES;
				IPHONEOS_DEPLOYMENT_TARGET = 17.5;
				LOCALIZATION_PREFERS_STRING_CATALOGS = YES;
				MTL_ENABLE_DEBUG_INFO = INCLUDE_SOURCE;
				MTL_FAST_MATH = YES;
				ONLY_ACTIVE_ARCH = YES;
				SDKROOT = iphoneos;
				SWIFT_ACTIVE_COMPILATION_CONDITIONS = "DEBUG $(inherited)";
				SWIFT_OPTIMIZATION_LEVEL = "-Onone";
			};
			name = Debug;
		};
		6F22AE5D2C0EDCC200DBC339 /* Release */ = {
			isa = XCBuildConfiguration;
			buildSettings = {
				ALWAYS_SEARCH_USER_PATHS = NO;
				ASSETCATALOG_COMPILER_GENERATE_SWIFT_ASSET_SYMBOL_EXTENSIONS = YES;
				CLANG_ANALYZER_NONNULL = YES;
				CLANG_ANALYZER_NUMBER_OBJECT_CONVERSION = YES_AGGRESSIVE;
				CLANG_CXX_LANGUAGE_STANDARD = "gnu++20";
				CLANG_ENABLE_MODULES = YES;
				CLANG_ENABLE_OBJC_ARC = YES;
				CLANG_ENABLE_OBJC_WEAK = YES;
				CLANG_WARN_BLOCK_CAPTURE_AUTORELEASING = YES;
				CLANG_WARN_BOOL_CONVERSION = YES;
				CLANG_WARN_COMMA = YES;
				CLANG_WARN_CONSTANT_CONVERSION = YES;
				CLANG_WARN_DEPRECATED_OBJC_IMPLEMENTATIONS = YES;
				CLANG_WARN_DIRECT_OBJC_ISA_USAGE = YES_ERROR;
				CLANG_WARN_DOCUMENTATION_COMMENTS = YES;
				CLANG_WARN_EMPTY_BODY = YES;
				CLANG_WARN_ENUM_CONVERSION = YES;
				CLANG_WARN_INFINITE_RECURSION = YES;
				CLANG_WARN_INT_CONVERSION = YES;
				CLANG_WARN_NON_LITERAL_NULL_CONVERSION = YES;
				CLANG_WARN_OBJC_IMPLICIT_RETAIN_SELF = YES;
				CLANG_WARN_OBJC_LITERAL_CONVERSION = YES;
				CLANG_WARN_OBJC_ROOT_CLASS = YES_ERROR;
				CLANG_WARN_QUOTED_INCLUDE_IN_FRAMEWORK_HEADER = YES;
				CLANG_WARN_RANGE_LOOP_ANALYSIS = YES;
				CLANG_WARN_STRICT_PROTOTYPES = YES;
				CLANG_WARN_SUSPICIOUS_MOVE = YES;
				CLANG_WARN_UNGUARDED_AVAILABILITY = YES_AGGRESSIVE;
				CLANG_WARN_UNREACHABLE_CODE = YES;
				CLANG_WARN__DUPLICATE_METHOD_MATCH = YES;
				COPY_PHASE_STRIP = NO;
				DEBUG_INFORMATION_FORMAT = "dwarf-with-dsym";
				ENABLE_NS_ASSERTIONS = NO;
				ENABLE_STRICT_OBJC_MSGSEND = YES;
				ENABLE_USER_SCRIPT_SANDBOXING = YES;
				GCC_C_LANGUAGE_STANDARD = gnu17;
				GCC_NO_COMMON_BLOCKS = YES;
				GCC_WARN_64_TO_32_BIT_CONVERSION = YES;
				GCC_WARN_ABOUT_RETURN_TYPE = YES_ERROR;
				GCC_WARN_UNDECLARED_SELECTOR = YES;
				GCC_WARN_UNINITIALIZED_AUTOS = YES_AGGRESSIVE;
				GCC_WARN_UNUSED_FUNCTION = YES;
				GCC_WARN_UNUSED_VARIABLE = YES;
				IPHONEOS_DEPLOYMENT_TARGET = 17.5;
				LOCALIZATION_PREFERS_STRING_CATALOGS = YES;
				MTL_ENABLE_DEBUG_INFO = NO;
				MTL_FAST_MATH = YES;
				SDKROOT = iphoneos;
				SWIFT_COMPILATION_MODE = wholemodule;
				VALIDATE_PRODUCT = YES;
			};
			name = Release;
		};
		6F22AE5F2C0EDCC200DBC339 /* Debug */ = {
			isa = XCBuildConfiguration;
			buildSettings = {
				ASSETCATALOG_COMPILER_APPICON_NAME = AppIcon;
				ASSETCATALOG_COMPILER_GLOBAL_ACCENT_COLOR_NAME = AccentColor;
				CODE_SIGN_STYLE = Automatic;
				CURRENT_PROJECT_VERSION = 1;
				DEVELOPMENT_ASSET_PATHS = "\"GeneVectorEditor/Preview Content\"";
				DEVELOPMENT_TEAM = G89SH2C4CP;
				ENABLE_PREVIEWS = YES;
				GENERATE_INFOPLIST_FILE = YES;
				INFOPLIST_KEY_UIApplicationSceneManifest_Generation = YES;
				INFOPLIST_KEY_UIApplicationSupportsIndirectInputEvents = YES;
				INFOPLIST_KEY_UILaunchScreen_Generation = YES;
				INFOPLIST_KEY_UISupportedInterfaceOrientations_iPad = "UIInterfaceOrientationPortrait UIInterfaceOrientationPortraitUpsideDown UIInterfaceOrientationLandscapeLeft UIInterfaceOrientationLandscapeRight";
				INFOPLIST_KEY_UISupportedInterfaceOrientations_iPhone = "UIInterfaceOrientationPortrait UIInterfaceOrientationLandscapeLeft UIInterfaceOrientationLandscapeRight";
				LD_RUNPATH_SEARCH_PATHS = (
					"$(inherited)",
					"@executable_path/Frameworks",
				);
				MARKETING_VERSION = 1.0;
				PRODUCT_BUNDLE_IDENTIFIER = com.royalwang.GeneVectorEditor;
				PRODUCT_NAME = "$(TARGET_NAME)";
				SWIFT_EMIT_LOC_STRINGS = YES;
				SWIFT_VERSION = 5.0;
				TARGETED_DEVICE_FAMILY = "1,2";
			};
			name = Debug;
		};
		6F22AE602C0EDCC200DBC339 /* Release */ = {
			isa = XCBuildConfiguration;
			buildSettings = {
				ASSETCATALOG_COMPILER_APPICON_NAME = AppIcon;
				ASSETCATALOG_COMPILER_GLOBAL_ACCENT_COLOR_NAME = AccentColor;
				CODE_SIGN_STYLE = Automatic;
				CURRENT_PROJECT_VERSION = 1;
				DEVELOPMENT_ASSET_PATHS = "\"GeneVectorEditor/Preview Content\"";
				DEVELOPMENT_TEAM = G89SH2C4CP;
				ENABLE_PREVIEWS = YES;
				GENERATE_INFOPLIST_FILE = YES;
				INFOPLIST_KEY_UIApplicationSceneManifest_Generation = YES;
				INFOPLIST_KEY_UIApplicationSupportsIndirectInputEvents = YES;
				INFOPLIST_KEY_UILaunchScreen_Generation = YES;
				INFOPLIST_KEY_UISupportedInterfaceOrientations_iPad = "UIInterfaceOrientationPortrait UIInterfaceOrientationPortraitUpsideDown UIInterfaceOrientationLandscapeLeft UIInterfaceOrientationLandscapeRight";
				INFOPLIST_KEY_UISupportedInterfaceOrientations_iPhone = "UIInterfaceOrientationPortrait UIInterfaceOrientationLandscapeLeft UIInterfaceOrientationLandscapeRight";
				LD_RUNPATH_SEARCH_PATHS = (
					"$(inherited)",
					"@executable_path/Frameworks",
				);
				MARKETING_VERSION = 1.0;
				PRODUCT_BUNDLE_IDENTIFIER = com.royalwang.GeneVectorEditor;
				PRODUCT_NAME = "$(TARGET_NAME)";
				SWIFT_EMIT_LOC_STRINGS = YES;
				SWIFT_VERSION = 5.0;
				TARGETED_DEVICE_FAMILY = "1,2";
			};
			name = Release;
		};
		6F22AE622C0EDCC200DBC339 /* Debug */ = {
			isa = XCBuildConfiguration;
			buildSettings = {
				ALWAYS_EMBED_SWIFT_STANDARD_LIBRARIES = YES;
				BUNDLE_LOADER = "$(TEST_HOST)";
				CODE_SIGN_STYLE = Automatic;
				CURRENT_PROJECT_VERSION = 1;
				DEVELOPMENT_TEAM = G89SH2C4CP;
				GENERATE_INFOPLIST_FILE = YES;
				IPHONEOS_DEPLOYMENT_TARGET = 17.5;
				MARKETING_VERSION = 1.0;
				PRODUCT_BUNDLE_IDENTIFIER = com.royalwang.GeneVectorEditorTests;
				PRODUCT_NAME = "$(TARGET_NAME)";
				SWIFT_EMIT_LOC_STRINGS = NO;
				SWIFT_VERSION = 5.0;
				TARGETED_DEVICE_FAMILY = "1,2";
				TEST_HOST = "$(BUILT_PRODUCTS_DIR)/GeneVectorEditor.app/$(BUNDLE_EXECUTABLE_FOLDER_PATH)/GeneVectorEditor";
			};
			name = Debug;
		};
		6F22AE632C0EDCC200DBC339 /* Release */ = {
			isa = XCBuildConfiguration;
			buildSettings = {
				ALWAYS_EMBED_SWIFT_STANDARD_LIBRARIES = YES;
				BUNDLE_LOADER = "$(TEST_HOST)";
				CODE_SIGN_STYLE = Automatic;
				CURRENT_PROJECT_VERSION = 1;
				DEVELOPMENT_TEAM = G89SH2C4CP;
				GENERATE_INFOPLIST_FILE = YES;
				IPHONEOS_DEPLOYMENT_TARGET = 17.5;
				MARKETING_VERSION = 1.0;
				PRODUCT_BUNDLE_IDENTIFIER = com.royalwang.GeneVectorEditorTests;
				PRODUCT_NAME = "$(TARGET_NAME)";
				SWIFT_EMIT_LOC_STRINGS = NO;
				SWIFT_VERSION = 5.0;
				TARGETED_DEVICE_FAMILY = "1,2";
				TEST_HOST = "$(BUILT_PRODUCTS_DIR)/GeneVectorEditor.app/$(BUNDLE_EXECUTABLE_FOLDER_PATH)/GeneVectorEditor";
			};
			name = Release;
		};
		6F22AE652C0EDCC200DBC339 /* Debug */ = {
			isa = XCBuildConfiguration;
			buildSettings = {
				ALWAYS_EMBED_SWIFT_STANDARD_LIBRARIES = YES;
				CODE_SIGN_STYLE = Automatic;
				CURRENT_PROJECT_VERSION = 1;
				DEVELOPMENT_TEAM = G89SH2C4CP;
				GENERATE_INFOPLIST_FILE = YES;
				MARKETING_VERSION = 1.0;
				PRODUCT_BUNDLE_IDENTIFIER = com.royalwang.GeneVectorEditorUITests;
				PRODUCT_NAME = "$(TARGET_NAME)";
				SWIFT_EMIT_LOC_STRINGS = NO;
				SWIFT_VERSION = 5.0;
				TARGETED_DEVICE_FAMILY = "1,2";
				TEST_TARGET_NAME = GeneVectorEditor;
			};
			name = Debug;
		};
		6F22AE662C0EDCC200DBC339 /* Release */ = {
			isa = XCBuildConfiguration;
			buildSettings = {
				ALWAYS_EMBED_SWIFT_STANDARD_LIBRARIES = YES;
				CODE_SIGN_STYLE = Automatic;
				CURRENT_PROJECT_VERSION = 1;
				DEVELOPMENT_TEAM = G89SH2C4CP;
				GENERATE_INFOPLIST_FILE = YES;
				MARKETING_VERSION = 1.0;
				PRODUCT_BUNDLE_IDENTIFIER = com.royalwang.GeneVectorEditorUITests;
				PRODUCT_NAME = "$(TARGET_NAME)";
				SWIFT_EMIT_LOC_STRINGS = NO;
				SWIFT_VERSION = 5.0;
				TARGETED_DEVICE_FAMILY = "1,2";
				TEST_TARGET_NAME = GeneVectorEditor;
			};
			name = Release;
		};
/* End XCBuildConfiguration section */

/* Begin XCConfigurationList section */
		6F22AE332C0EDCC000DBC339 /* Build configuration list for PBXProject "GeneVectorEditor" */ = {
			isa = XCConfigurationList;
			buildConfigurations = (
				6F22AE5C2C0EDCC200DBC339 /* Debug */,
				6F22AE5D2C0EDCC200DBC339 /* Release */,
			);
			defaultConfigurationIsVisible = 0;
			defaultConfigurationName = Release;
		};
		6F22AE5E2C0EDCC200DBC339 /* Build configuration list for PBXNativeTarget "GeneVectorEditor" */ = {
			isa = XCConfigurationList;
			buildConfigurations = (
				6F22AE5F2C0EDCC200DBC339 /* Debug */,
				6F22AE602C0EDCC200DBC339 /* Release */,
			);
			defaultConfigurationIsVisible = 0;
			defaultConfigurationName = Release;
		};
		6F22AE612C0EDCC200DBC339 /* Build configuration list for PBXNativeTarget "GeneVectorEditorTests" */ = {
			isa = XCConfigurationList;
			buildConfigurations = (
				6F22AE622C0EDCC200DBC339 /* Debug */,
				6F22AE632C0EDCC200DBC339 /* Release */,
			);
			defaultConfigurationIsVisible = 0;
			defaultConfigurationName = Release;
		};
		6F22AE642C0EDCC200DBC339 /* Build configuration list for PBXNativeTarget "GeneVectorEditorUITests" */ = {
			isa = XCConfigurationList;
			buildConfigurations = (
				6F22AE652C0EDCC200DBC339 /* Debug */,
				6F22AE662C0EDCC200DBC339 /* Release */,
			);
			defaultConfigurationIsVisible = 0;
			defaultConfigurationName = Release;
		};
/* End XCConfigurationList section */
	};
	rootObject = 6F22AE302C0EDCC000DBC339 /* Project object */;
}
